// !$*UTF8*$!
{
	archiveVersion = 1;
	classes = {
	};
	objectVersion = 48;
	objects = {

/* Begin PBXBuildFile section */
		37146502205A07ED00D574D4 /* Challenge2.sks in Resources */ = {isa = PBXBuildFile; fileRef = 37146501205A07ED00D574D4 /* Challenge2.sks */; };
		37146504205AFE9200D574D4 /* ChallengeCompleted.sks in Resources */ = {isa = PBXBuildFile; fileRef = 37146503205AFE9200D574D4 /* ChallengeCompleted.sks */; };
		37146506205B0BEA00D574D4 /* ChallengeCompletedScene.swift in Sources */ = {isa = PBXBuildFile; fileRef = 37146505205B0BEA00D574D4 /* ChallengeCompletedScene.swift */; };
		3714650A205B3E3900D574D4 /* BoostGate1.sks in Resources */ = {isa = PBXBuildFile; fileRef = 37146507205B3E3800D574D4 /* BoostGate1.sks */; };
		3714650B205B3E3900D574D4 /* BoostGate3.sks in Resources */ = {isa = PBXBuildFile; fileRef = 37146508205B3E3800D574D4 /* BoostGate3.sks */; };
		3714650C205B3E3900D574D4 /* BoostGate2.sks in Resources */ = {isa = PBXBuildFile; fileRef = 37146509205B3E3900D574D4 /* BoostGate2.sks */; };
		3714650E205C84E100D574D4 /* lunarlove.wav in Resources */ = {isa = PBXBuildFile; fileRef = 3714650D205C84E100D574D4 /* lunarlove.wav */; };
		374294042064C62D00E52496 /* Challenge5.sks in Resources */ = {isa = PBXBuildFile; fileRef = 374294032064C62C00E52496 /* Challenge5.sks */; };
		3745069E206EAE3D00AEF948 /* Challenge8.sks in Resources */ = {isa = PBXBuildFile; fileRef = 3745069D206EAE3D00AEF948 /* Challenge8.sks */; };
		374506A0206EB36E00AEF948 /* Challenge9.sks in Resources */ = {isa = PBXBuildFile; fileRef = 3745069F206EB36E00AEF948 /* Challenge9.sks */; };
		374506AF206F58F500AEF948 /* gravtotheslag.m4a in Resources */ = {isa = PBXBuildFile; fileRef = 374506A9206F58F400AEF948 /* gravtotheslag.m4a */; };
		374506B1206F58F500AEF948 /* areyouslaggy.m4a in Resources */ = {isa = PBXBuildFile; fileRef = 374506AB206F58F400AEF948 /* areyouslaggy.m4a */; };
		374506B2206F58F500AEF948 /* linktheslag.m4a in Resources */ = {isa = PBXBuildFile; fileRef = 374506AC206F58F500AEF948 /* linktheslag.m4a */; };
		374506B4206F58F500AEF948 /* watchforslagmines.m4a in Resources */ = {isa = PBXBuildFile; fileRef = 374506AE206F58F500AEF948 /* watchforslagmines.m4a */; };
		374F4BF2206DB642004ED85D /* Challenge6.sks in Resources */ = {isa = PBXBuildFile; fileRef = 374F4BF1206DB642004ED85D /* Challenge6.sks */; };
		375EFBEE206FEBB9008CCA70 /* slumsofrage.wav in Resources */ = {isa = PBXBuildFile; fileRef = 375EFBED206FEBB9008CCA70 /* slumsofrage.wav */; };
		375EFBF02071C46C008CCA70 /* Challenge10.sks in Resources */ = {isa = PBXBuildFile; fileRef = 375EFBEF2071C46B008CCA70 /* Challenge10.sks */; };
		375EFBF220729402008CCA70 /* SettingsViewController.swift in Sources */ = {isa = PBXBuildFile; fileRef = 375EFBF120729402008CCA70 /* SettingsViewController.swift */; };
		375EFBF52074314B008CCA70 /* timetoslagup.m4a in Resources */ = {isa = PBXBuildFile; fileRef = 375EFBF32074314B008CCA70 /* timetoslagup.m4a */; };
		375EFBFA207477EF008CCA70 /* SlagTravelsViewController.swift in Sources */ = {isa = PBXBuildFile; fileRef = 375EFBF9207477EF008CCA70 /* SlagTravelsViewController.swift */; };
		375EFBFC20754D41008CCA70 /* SlagChallengesViewController.swift in Sources */ = {isa = PBXBuildFile; fileRef = 375EFBFB20754D41008CCA70 /* SlagChallengesViewController.swift */; };
		375EFBFE207805E7008CCA70 /* SessionData.swift in Sources */ = {isa = PBXBuildFile; fileRef = 375EFBFD207805E7008CCA70 /* SessionData.swift */; };
		375EFC02207A83E5008CCA70 /* Challenge0.sks in Resources */ = {isa = PBXBuildFile; fileRef = 375EFC01207A83E5008CCA70 /* Challenge0.sks */; };
		375EFC0A207B2384008CCA70 /* Challenge4.sks in Resources */ = {isa = PBXBuildFile; fileRef = 375EFC09207B2383008CCA70 /* Challenge4.sks */; };
		375EFC0C207BD772008CCA70 /* TutorialCompletedScene.swift in Sources */ = {isa = PBXBuildFile; fileRef = 375EFC0B207BD772008CCA70 /* TutorialCompletedScene.swift */; };
		375EFC0E207BD77F008CCA70 /* TutorialCompleted.sks in Resources */ = {isa = PBXBuildFile; fileRef = 375EFC0D207BD77F008CCA70 /* TutorialCompleted.sks */; };
		375EFC15207F068A008CCA70 /* powertotheslag.m4a in Resources */ = {isa = PBXBuildFile; fileRef = 375EFC0F207F0689008CCA70 /* powertotheslag.m4a */; };
		375EFC16207F068A008CCA70 /* bustaslagmove.m4a in Resources */ = {isa = PBXBuildFile; fileRef = 375EFC10207F0689008CCA70 /* bustaslagmove.m4a */; };
		375EFC17207F068A008CCA70 /* learntoslag.m4a in Resources */ = {isa = PBXBuildFile; fileRef = 375EFC11207F068A008CCA70 /* learntoslag.m4a */; };
		375EFC18207F068A008CCA70 /* mrslaggysayshello.m4a in Resources */ = {isa = PBXBuildFile; fileRef = 375EFC12207F068A008CCA70 /* mrslaggysayshello.m4a */; };
		375EFC19207F068A008CCA70 /* letsslag.m4a in Resources */ = {isa = PBXBuildFile; fileRef = 375EFC13207F068A008CCA70 /* letsslag.m4a */; };
		375EFC1A207F068A008CCA70 /* littlegrabbyslags.m4a in Resources */ = {isa = PBXBuildFile; fileRef = 375EFC14207F068A008CCA70 /* littlegrabbyslags.m4a */; };
		375EFC1C207FB90D008CCA70 /* smallboostparticles.sks in Resources */ = {isa = PBXBuildFile; fileRef = 375EFC1B207FB90C008CCA70 /* smallboostparticles.sks */; };
		375EFC1E207FC5AF008CCA70 /* fizzleboost.wav in Resources */ = {isa = PBXBuildFile; fileRef = 375EFC1D207FC5AF008CCA70 /* fizzleboost.wav */; };
		375EFC2020802E54008CCA70 /* smallboost.wav in Resources */ = {isa = PBXBuildFile; fileRef = 375EFC1F20802E53008CCA70 /* smallboost.wav */; };
		375EFC2220803020008CCA70 /* challengevoice.m4a in Resources */ = {isa = PBXBuildFile; fileRef = 375EFC2120803020008CCA70 /* challengevoice.m4a */; };
		375EFC2420812499008CCA70 /* eightballcafe.wav in Resources */ = {isa = PBXBuildFile; fileRef = 375EFC2320812499008CCA70 /* eightballcafe.wav */; };
		376F708F2054B07600A9785D /* boostparticles.sks in Resources */ = {isa = PBXBuildFile; fileRef = 376F708E2054B07500A9785D /* boostparticles.sks */; };
		378E8ECE2051A89F006FCF4D /* PlayerNode.swift in Sources */ = {isa = PBXBuildFile; fileRef = 378E8ECD2051A89F006FCF4D /* PlayerNode.swift */; };
		37A0DBF2204F12300046715C /* powerboost.wav in Resources */ = {isa = PBXBuildFile; fileRef = 37A0DBF1204F12300046715C /* powerboost.wav */; };
		37B02F7C2068C93C00F0F921 /* proximityexplosion.sks in Resources */ = {isa = PBXBuildFile; fileRef = 37B02F7B2068C93B00F0F921 /* proximityexplosion.sks */; };
		37B02F7E2069ADA600F0F921 /* proximity.wav in Resources */ = {isa = PBXBuildFile; fileRef = 37B02F7D2069ADA600F0F921 /* proximity.wav */; };
		37B02F80206AE6B700F0F921 /* Challenge7.sks in Resources */ = {isa = PBXBuildFile; fileRef = 37B02F7F206AE6B700F0F921 /* Challenge7.sks */; };
		37B02F84206C21B400F0F921 /* HUD.swift in Sources */ = {isa = PBXBuildFile; fileRef = 37B02F83206C21B400F0F921 /* HUD.swift */; };
		37B4FFBD204D9E6500FAEC3E /* AppDelegate.swift in Sources */ = {isa = PBXBuildFile; fileRef = 37B4FFBC204D9E6500FAEC3E /* AppDelegate.swift */; };
		37B4FFC3204D9E6500FAEC3E /* GameScene.swift in Sources */ = {isa = PBXBuildFile; fileRef = 37B4FFC2204D9E6500FAEC3E /* GameScene.swift */; };
		37B4FFC5204D9E6500FAEC3E /* GameViewController.swift in Sources */ = {isa = PBXBuildFile; fileRef = 37B4FFC4204D9E6500FAEC3E /* GameViewController.swift */; };
		37B4FFC8204D9E6500FAEC3E /* Main.storyboard in Resources */ = {isa = PBXBuildFile; fileRef = 37B4FFC6204D9E6500FAEC3E /* Main.storyboard */; };
		37B4FFCA204D9E6500FAEC3E /* Assets.xcassets in Resources */ = {isa = PBXBuildFile; fileRef = 37B4FFC9204D9E6500FAEC3E /* Assets.xcassets */; };
		37B4FFCD204D9E6500FAEC3E /* LaunchScreen.storyboard in Resources */ = {isa = PBXBuildFile; fileRef = 37B4FFCB204D9E6500FAEC3E /* LaunchScreen.storyboard */; };
		37C10D4B2058362300DAF46E /* explosion.wav in Resources */ = {isa = PBXBuildFile; fileRef = 37C10D4A2058362300DAF46E /* explosion.wav */; };
		37C10D4F20589C4200DAF46E /* FinishGate.sks in Resources */ = {isa = PBXBuildFile; fileRef = 37C10D4E20589C4200DAF46E /* FinishGate.sks */; };
		37C10D532059871E00DAF46E /* LaunchPlatform.sks in Resources */ = {isa = PBXBuildFile; fileRef = 37C10D522059871E00DAF46E /* LaunchPlatform.sks */; };
		37CB242A2056D989001742D8 /* BoostNode.swift in Sources */ = {isa = PBXBuildFile; fileRef = 37CB24292056D989001742D8 /* BoostNode.swift */; };
		37CB242C2056DA37001742D8 /* boostexplosion.sks in Resources */ = {isa = PBXBuildFile; fileRef = 37CB242B2056DA37001742D8 /* boostexplosion.sks */; };
		37D2E9DC2062C1EE00C7523B /* Challenge1.sks in Resources */ = {isa = PBXBuildFile; fileRef = 37D2E9DB2062C1EE00C7523B /* Challenge1.sks */; };
		37D2E9E22062DA4100C7523B /* IntroductionViewController.swift in Sources */ = {isa = PBXBuildFile; fileRef = 37D2E9E12062DA4100C7523B /* IntroductionViewController.swift */; };
		37D2E9E420635B9200C7523B /* Challenge3.sks in Resources */ = {isa = PBXBuildFile; fileRef = 37D2E9E320635B9100C7523B /* Challenge3.sks */; };
		37D2E9E8206408E400C7523B /* slagmanvoice.m4a in Resources */ = {isa = PBXBuildFile; fileRef = 37D2E9E7206408E400C7523B /* slagmanvoice.m4a */; };
		37D2E9EA2064103B00C7523B /* SlagNode.swift in Sources */ = {isa = PBXBuildFile; fileRef = 37D2E9E92064103B00C7523B /* SlagNode.swift */; };
		37D3F7342057042A00820D83 /* playerdeadexplosion.sks in Resources */ = {isa = PBXBuildFile; fileRef = 37D3F7322057042A00820D83 /* playerdeadexplosion.sks */; };
		37E7F58E205238F20076E828 /* boost.wav in Resources */ = {isa = PBXBuildFile; fileRef = 37E7F58D205238F20076E828 /* boost.wav */; };
		37E7F59C205330710076E828 /* GregoriusViewController.swift in Sources */ = {isa = PBXBuildFile; fileRef = 37E7F599205330700076E828 /* GregoriusViewController.swift */; };
		37E7F59D205330710076E828 /* Utilities.swift in Sources */ = {isa = PBXBuildFile; fileRef = 37E7F59A205330710076E828 /* Utilities.swift */; };
		37E7F5AB205330830076E828 /* CGFloat+Extensions.swift in Sources */ = {isa = PBXBuildFile; fileRef = 37E7F59F205330820076E828 /* CGFloat+Extensions.swift */; };
		37E7F5AC205330830076E828 /* CGPoint+Extensions.swift in Sources */ = {isa = PBXBuildFile; fileRef = 37E7F5A0205330820076E828 /* CGPoint+Extensions.swift */; };
		37E7F5AD205330830076E828 /* CGVector+Extensions.swift in Sources */ = {isa = PBXBuildFile; fileRef = 37E7F5A1205330820076E828 /* CGVector+Extensions.swift */; };
		37E7F5AE205330830076E828 /* Int+Extensions.swift in Sources */ = {isa = PBXBuildFile; fileRef = 37E7F5A2205330820076E828 /* Int+Extensions.swift */; };
		37E7F5AF205330830076E828 /* SKAction+Extensions.swift in Sources */ = {isa = PBXBuildFile; fileRef = 37E7F5A3205330820076E828 /* SKAction+Extensions.swift */; };
		37E7F5B0205330830076E828 /* SKAction+SpecialEffects.swift in Sources */ = {isa = PBXBuildFile; fileRef = 37E7F5A4205330820076E828 /* SKAction+SpecialEffects.swift */; };
		37E7F5B1205330830076E828 /* SKColor+Extensions.swift in Sources */ = {isa = PBXBuildFile; fileRef = 37E7F5A5205330820076E828 /* SKColor+Extensions.swift */; };
		37E7F5B2205330830076E828 /* SKNode+Extensions.swift in Sources */ = {isa = PBXBuildFile; fileRef = 37E7F5A6205330820076E828 /* SKNode+Extensions.swift */; };
		37E7F5B3205330830076E828 /* SKTAudio.swift in Sources */ = {isa = PBXBuildFile; fileRef = 37E7F5A7205330820076E828 /* SKTAudio.swift */; };
		37E7F5B4205330830076E828 /* SKTEffects.swift in Sources */ = {isa = PBXBuildFile; fileRef = 37E7F5A8205330820076E828 /* SKTEffects.swift */; };
		37E7F5B5205330830076E828 /* SKTTimingFunctions.swift in Sources */ = {isa = PBXBuildFile; fileRef = 37E7F5A9205330820076E828 /* SKTTimingFunctions.swift */; };
		37E7F5B6205330830076E828 /* Vector3.swift in Sources */ = {isa = PBXBuildFile; fileRef = 37E7F5AA205330820076E828 /* Vector3.swift */; };
		37E7F5C42054AA710076E828 /* spacegame.caf in Resources */ = {isa = PBXBuildFile; fileRef = 37E7F5C32054AA710076E828 /* spacegame.caf */; };
		37F741462064D4EC00181E03 /* GravityNode.swift in Sources */ = {isa = PBXBuildFile; fileRef = 37F741452064D4EC00181E03 /* GravityNode.swift */; };
/* End PBXBuildFile section */

/* Begin PBXFileReference section */
		37146501205A07ED00D574D4 /* Challenge2.sks */ = {isa = PBXFileReference; lastKnownFileType = file.sks; path = Challenge2.sks; sourceTree = "<group>"; };
		37146503205AFE9200D574D4 /* ChallengeCompleted.sks */ = {isa = PBXFileReference; lastKnownFileType = file.sks; path = ChallengeCompleted.sks; sourceTree = "<group>"; };
		37146505205B0BEA00D574D4 /* ChallengeCompletedScene.swift */ = {isa = PBXFileReference; lastKnownFileType = sourcecode.swift; path = ChallengeCompletedScene.swift; sourceTree = "<group>"; };
		37146507205B3E3800D574D4 /* BoostGate1.sks */ = {isa = PBXFileReference; lastKnownFileType = file.sks; path = BoostGate1.sks; sourceTree = "<group>"; };
		37146508205B3E3800D574D4 /* BoostGate3.sks */ = {isa = PBXFileReference; lastKnownFileType = file.sks; path = BoostGate3.sks; sourceTree = "<group>"; };
		37146509205B3E3900D574D4 /* BoostGate2.sks */ = {isa = PBXFileReference; lastKnownFileType = file.sks; path = BoostGate2.sks; sourceTree = "<group>"; };
		3714650D205C84E100D574D4 /* lunarlove.wav */ = {isa = PBXFileReference; lastKnownFileType = audio.wav; path = lunarlove.wav; sourceTree = "<group>"; };
		374294032064C62C00E52496 /* Challenge5.sks */ = {isa = PBXFileReference; lastKnownFileType = file.sks; path = Challenge5.sks; sourceTree = "<group>"; };
		3745069D206EAE3D00AEF948 /* Challenge8.sks */ = {isa = PBXFileReference; lastKnownFileType = file.sks; path = Challenge8.sks; sourceTree = "<group>"; };
		3745069F206EB36E00AEF948 /* Challenge9.sks */ = {isa = PBXFileReference; lastKnownFileType = file.sks; path = Challenge9.sks; sourceTree = "<group>"; };
		374506A9206F58F400AEF948 /* gravtotheslag.m4a */ = {isa = PBXFileReference; lastKnownFileType = file; path = gravtotheslag.m4a; sourceTree = "<group>"; };
		374506AB206F58F400AEF948 /* areyouslaggy.m4a */ = {isa = PBXFileReference; lastKnownFileType = file; path = areyouslaggy.m4a; sourceTree = "<group>"; };
		374506AC206F58F500AEF948 /* linktheslag.m4a */ = {isa = PBXFileReference; lastKnownFileType = file; path = linktheslag.m4a; sourceTree = "<group>"; };
		374506AE206F58F500AEF948 /* watchforslagmines.m4a */ = {isa = PBXFileReference; lastKnownFileType = file; path = watchforslagmines.m4a; sourceTree = "<group>"; };
		374F4BF1206DB642004ED85D /* Challenge6.sks */ = {isa = PBXFileReference; lastKnownFileType = file.sks; path = Challenge6.sks; sourceTree = "<group>"; };
		375EFBED206FEBB9008CCA70 /* slumsofrage.wav */ = {isa = PBXFileReference; lastKnownFileType = audio.wav; path = slumsofrage.wav; sourceTree = "<group>"; };
		375EFBEF2071C46B008CCA70 /* Challenge10.sks */ = {isa = PBXFileReference; lastKnownFileType = file.sks; path = Challenge10.sks; sourceTree = "<group>"; };
		375EFBF120729402008CCA70 /* SettingsViewController.swift */ = {isa = PBXFileReference; lastKnownFileType = sourcecode.swift; path = SettingsViewController.swift; sourceTree = "<group>"; };
		375EFBF32074314B008CCA70 /* timetoslagup.m4a */ = {isa = PBXFileReference; lastKnownFileType = file; path = timetoslagup.m4a; sourceTree = "<group>"; };
		375EFBF9207477EF008CCA70 /* SlagTravelsViewController.swift */ = {isa = PBXFileReference; lastKnownFileType = sourcecode.swift; path = SlagTravelsViewController.swift; sourceTree = "<group>"; };
		375EFBFB20754D41008CCA70 /* SlagChallengesViewController.swift */ = {isa = PBXFileReference; lastKnownFileType = sourcecode.swift; path = SlagChallengesViewController.swift; sourceTree = "<group>"; };
		375EFBFD207805E7008CCA70 /* SessionData.swift */ = {isa = PBXFileReference; lastKnownFileType = sourcecode.swift; path = SessionData.swift; sourceTree = "<group>"; };
		375EFC01207A83E5008CCA70 /* Challenge0.sks */ = {isa = PBXFileReference; lastKnownFileType = file.sks; path = Challenge0.sks; sourceTree = "<group>"; };
		375EFC09207B2383008CCA70 /* Challenge4.sks */ = {isa = PBXFileReference; lastKnownFileType = file.sks; path = Challenge4.sks; sourceTree = "<group>"; };
		375EFC0B207BD772008CCA70 /* TutorialCompletedScene.swift */ = {isa = PBXFileReference; fileEncoding = 4; lastKnownFileType = sourcecode.swift; path = TutorialCompletedScene.swift; sourceTree = "<group>"; };
		375EFC0D207BD77F008CCA70 /* TutorialCompleted.sks */ = {isa = PBXFileReference; lastKnownFileType = file.sks; path = TutorialCompleted.sks; sourceTree = "<group>"; };
		375EFC0F207F0689008CCA70 /* powertotheslag.m4a */ = {isa = PBXFileReference; lastKnownFileType = file; path = powertotheslag.m4a; sourceTree = "<group>"; };
		375EFC10207F0689008CCA70 /* bustaslagmove.m4a */ = {isa = PBXFileReference; lastKnownFileType = file; path = bustaslagmove.m4a; sourceTree = "<group>"; };
		375EFC11207F068A008CCA70 /* learntoslag.m4a */ = {isa = PBXFileReference; lastKnownFileType = file; path = learntoslag.m4a; sourceTree = "<group>"; };
		375EFC12207F068A008CCA70 /* mrslaggysayshello.m4a */ = {isa = PBXFileReference; lastKnownFileType = file; path = mrslaggysayshello.m4a; sourceTree = "<group>"; };
		375EFC13207F068A008CCA70 /* letsslag.m4a */ = {isa = PBXFileReference; lastKnownFileType = file; path = letsslag.m4a; sourceTree = "<group>"; };
		375EFC14207F068A008CCA70 /* littlegrabbyslags.m4a */ = {isa = PBXFileReference; lastKnownFileType = file; path = littlegrabbyslags.m4a; sourceTree = "<group>"; };
		375EFC1B207FB90C008CCA70 /* smallboostparticles.sks */ = {isa = PBXFileReference; lastKnownFileType = file.sks; path = smallboostparticles.sks; sourceTree = "<group>"; };
		375EFC1D207FC5AF008CCA70 /* fizzleboost.wav */ = {isa = PBXFileReference; lastKnownFileType = audio.wav; path = fizzleboost.wav; sourceTree = "<group>"; };
		375EFC1F20802E53008CCA70 /* smallboost.wav */ = {isa = PBXFileReference; lastKnownFileType = audio.wav; path = smallboost.wav; sourceTree = "<group>"; };
		375EFC2120803020008CCA70 /* challengevoice.m4a */ = {isa = PBXFileReference; lastKnownFileType = file; path = challengevoice.m4a; sourceTree = "<group>"; };
		375EFC2320812499008CCA70 /* eightballcafe.wav */ = {isa = PBXFileReference; lastKnownFileType = audio.wav; path = eightballcafe.wav; sourceTree = "<group>"; };
		376F708E2054B07500A9785D /* boostparticles.sks */ = {isa = PBXFileReference; lastKnownFileType = file.sks; path = boostparticles.sks; sourceTree = "<group>"; };
		378E8ECD2051A89F006FCF4D /* PlayerNode.swift */ = {isa = PBXFileReference; fileEncoding = 4; lastKnownFileType = sourcecode.swift; path = PlayerNode.swift; sourceTree = "<group>"; };
		37A0DBF1204F12300046715C /* powerboost.wav */ = {isa = PBXFileReference; lastKnownFileType = audio.wav; path = powerboost.wav; sourceTree = "<group>"; };
		37B02F7B2068C93B00F0F921 /* proximityexplosion.sks */ = {isa = PBXFileReference; lastKnownFileType = file.sks; path = proximityexplosion.sks; sourceTree = "<group>"; };
		37B02F7D2069ADA600F0F921 /* proximity.wav */ = {isa = PBXFileReference; lastKnownFileType = audio.wav; path = proximity.wav; sourceTree = "<group>"; };
		37B02F7F206AE6B700F0F921 /* Challenge7.sks */ = {isa = PBXFileReference; lastKnownFileType = file.sks; path = Challenge7.sks; sourceTree = "<group>"; };
		37B02F83206C21B400F0F921 /* HUD.swift */ = {isa = PBXFileReference; lastKnownFileType = sourcecode.swift; path = HUD.swift; sourceTree = "<group>"; };
		37B4FFB9204D9E6500FAEC3E /* Slagman.app */ = {isa = PBXFileReference; explicitFileType = wrapper.application; includeInIndex = 0; path = Slagman.app; sourceTree = BUILT_PRODUCTS_DIR; };
		37B4FFBC204D9E6500FAEC3E /* AppDelegate.swift */ = {isa = PBXFileReference; lastKnownFileType = sourcecode.swift; path = AppDelegate.swift; sourceTree = "<group>"; };
		37B4FFC2204D9E6500FAEC3E /* GameScene.swift */ = {isa = PBXFileReference; lastKnownFileType = sourcecode.swift; path = GameScene.swift; sourceTree = "<group>"; };
		37B4FFC4204D9E6500FAEC3E /* GameViewController.swift */ = {isa = PBXFileReference; lastKnownFileType = sourcecode.swift; path = GameViewController.swift; sourceTree = "<group>"; };
		37B4FFC7204D9E6500FAEC3E /* Base */ = {isa = PBXFileReference; lastKnownFileType = file.storyboard; name = Base; path = Base.lproj/Main.storyboard; sourceTree = "<group>"; };
		37B4FFC9204D9E6500FAEC3E /* Assets.xcassets */ = {isa = PBXFileReference; lastKnownFileType = folder.assetcatalog; path = Assets.xcassets; sourceTree = "<group>"; };
		37B4FFCC204D9E6500FAEC3E /* Base */ = {isa = PBXFileReference; lastKnownFileType = file.storyboard; name = Base; path = Base.lproj/LaunchScreen.storyboard; sourceTree = "<group>"; };
		37B4FFCE204D9E6500FAEC3E /* Info.plist */ = {isa = PBXFileReference; lastKnownFileType = text.plist.xml; path = Info.plist; sourceTree = "<group>"; };
		37C10D4A2058362300DAF46E /* explosion.wav */ = {isa = PBXFileReference; lastKnownFileType = audio.wav; path = explosion.wav; sourceTree = "<group>"; };
		37C10D4E20589C4200DAF46E /* FinishGate.sks */ = {isa = PBXFileReference; lastKnownFileType = file.sks; path = FinishGate.sks; sourceTree = "<group>"; };
		37C10D522059871E00DAF46E /* LaunchPlatform.sks */ = {isa = PBXFileReference; lastKnownFileType = file.sks; path = LaunchPlatform.sks; sourceTree = "<group>"; };
		37CB24292056D989001742D8 /* BoostNode.swift */ = {isa = PBXFileReference; fileEncoding = 4; lastKnownFileType = sourcecode.swift; path = BoostNode.swift; sourceTree = "<group>"; };
		37CB242B2056DA37001742D8 /* boostexplosion.sks */ = {isa = PBXFileReference; lastKnownFileType = file.sks; path = boostexplosion.sks; sourceTree = "<group>"; };
		37D2E9DB2062C1EE00C7523B /* Challenge1.sks */ = {isa = PBXFileReference; lastKnownFileType = file.sks; path = Challenge1.sks; sourceTree = "<group>"; };
		37D2E9E12062DA4100C7523B /* IntroductionViewController.swift */ = {isa = PBXFileReference; lastKnownFileType = sourcecode.swift; path = IntroductionViewController.swift; sourceTree = "<group>"; };
		37D2E9E320635B9100C7523B /* Challenge3.sks */ = {isa = PBXFileReference; lastKnownFileType = file.sks; path = Challenge3.sks; sourceTree = "<group>"; };
		37D2E9E7206408E400C7523B /* slagmanvoice.m4a */ = {isa = PBXFileReference; lastKnownFileType = file; path = slagmanvoice.m4a; sourceTree = "<group>"; };
		37D2E9E92064103B00C7523B /* SlagNode.swift */ = {isa = PBXFileReference; lastKnownFileType = sourcecode.swift; path = SlagNode.swift; sourceTree = "<group>"; };
		37D3F7322057042A00820D83 /* playerdeadexplosion.sks */ = {isa = PBXFileReference; lastKnownFileType = file.sks; path = playerdeadexplosion.sks; sourceTree = "<group>"; };
		37E7F58D205238F20076E828 /* boost.wav */ = {isa = PBXFileReference; lastKnownFileType = audio.wav; path = boost.wav; sourceTree = "<group>"; };
		37E7F599205330700076E828 /* GregoriusViewController.swift */ = {isa = PBXFileReference; fileEncoding = 4; lastKnownFileType = sourcecode.swift; path = GregoriusViewController.swift; sourceTree = "<group>"; };
		37E7F59A205330710076E828 /* Utilities.swift */ = {isa = PBXFileReference; fileEncoding = 4; lastKnownFileType = sourcecode.swift; path = Utilities.swift; sourceTree = "<group>"; };
		37E7F59F205330820076E828 /* CGFloat+Extensions.swift */ = {isa = PBXFileReference; fileEncoding = 4; lastKnownFileType = sourcecode.swift; path = "CGFloat+Extensions.swift"; sourceTree = "<group>"; };
		37E7F5A0205330820076E828 /* CGPoint+Extensions.swift */ = {isa = PBXFileReference; fileEncoding = 4; lastKnownFileType = sourcecode.swift; path = "CGPoint+Extensions.swift"; sourceTree = "<group>"; };
		37E7F5A1205330820076E828 /* CGVector+Extensions.swift */ = {isa = PBXFileReference; fileEncoding = 4; lastKnownFileType = sourcecode.swift; path = "CGVector+Extensions.swift"; sourceTree = "<group>"; };
		37E7F5A2205330820076E828 /* Int+Extensions.swift */ = {isa = PBXFileReference; fileEncoding = 4; lastKnownFileType = sourcecode.swift; path = "Int+Extensions.swift"; sourceTree = "<group>"; };
		37E7F5A3205330820076E828 /* SKAction+Extensions.swift */ = {isa = PBXFileReference; fileEncoding = 4; lastKnownFileType = sourcecode.swift; path = "SKAction+Extensions.swift"; sourceTree = "<group>"; };
		37E7F5A4205330820076E828 /* SKAction+SpecialEffects.swift */ = {isa = PBXFileReference; fileEncoding = 4; lastKnownFileType = sourcecode.swift; path = "SKAction+SpecialEffects.swift"; sourceTree = "<group>"; };
		37E7F5A5205330820076E828 /* SKColor+Extensions.swift */ = {isa = PBXFileReference; fileEncoding = 4; lastKnownFileType = sourcecode.swift; path = "SKColor+Extensions.swift"; sourceTree = "<group>"; };
		37E7F5A6205330820076E828 /* SKNode+Extensions.swift */ = {isa = PBXFileReference; fileEncoding = 4; lastKnownFileType = sourcecode.swift; path = "SKNode+Extensions.swift"; sourceTree = "<group>"; };
		37E7F5A7205330820076E828 /* SKTAudio.swift */ = {isa = PBXFileReference; fileEncoding = 4; lastKnownFileType = sourcecode.swift; path = SKTAudio.swift; sourceTree = "<group>"; };
		37E7F5A8205330820076E828 /* SKTEffects.swift */ = {isa = PBXFileReference; fileEncoding = 4; lastKnownFileType = sourcecode.swift; path = SKTEffects.swift; sourceTree = "<group>"; };
		37E7F5A9205330820076E828 /* SKTTimingFunctions.swift */ = {isa = PBXFileReference; fileEncoding = 4; lastKnownFileType = sourcecode.swift; path = SKTTimingFunctions.swift; sourceTree = "<group>"; };
		37E7F5AA205330820076E828 /* Vector3.swift */ = {isa = PBXFileReference; fileEncoding = 4; lastKnownFileType = sourcecode.swift; path = Vector3.swift; sourceTree = "<group>"; };
		37E7F5C32054AA710076E828 /* spacegame.caf */ = {isa = PBXFileReference; lastKnownFileType = file; path = spacegame.caf; sourceTree = "<group>"; };
		37F741452064D4EC00181E03 /* GravityNode.swift */ = {isa = PBXFileReference; lastKnownFileType = sourcecode.swift; path = GravityNode.swift; sourceTree = "<group>"; };
/* End PBXFileReference section */

/* Begin PBXFrameworksBuildPhase section */
		37B4FFB6204D9E6500FAEC3E /* Frameworks */ = {
			isa = PBXFrameworksBuildPhase;
			buildActionMask = 2147483647;
			files = (
			);
			runOnlyForDeploymentPostprocessing = 0;
		};
/* End PBXFrameworksBuildPhase section */

/* Begin PBXGroup section */
		375EFBEB206FEB2B008CCA70 /* Background Music */ = {
			isa = PBXGroup;
			children = (
				375EFC2320812499008CCA70 /* eightballcafe.wav */,
				375EFBED206FEBB9008CCA70 /* slumsofrage.wav */,
				3714650D205C84E100D574D4 /* lunarlove.wav */,
			);
			path = "Background Music";
			sourceTree = "<group>";
		};
		375EFBEC206FEB40008CCA70 /* Intro Voices */ = {
			isa = PBXGroup;
			children = (
				375EFC2120803020008CCA70 /* challengevoice.m4a */,
				375EFC10207F0689008CCA70 /* bustaslagmove.m4a */,
				375EFC11207F068A008CCA70 /* learntoslag.m4a */,
				375EFC13207F068A008CCA70 /* letsslag.m4a */,
				375EFC14207F068A008CCA70 /* littlegrabbyslags.m4a */,
				375EFC12207F068A008CCA70 /* mrslaggysayshello.m4a */,
				375EFC0F207F0689008CCA70 /* powertotheslag.m4a */,
				375EFBF32074314B008CCA70 /* timetoslagup.m4a */,
				374506AB206F58F400AEF948 /* areyouslaggy.m4a */,
				374506A9206F58F400AEF948 /* gravtotheslag.m4a */,
				374506AC206F58F500AEF948 /* linktheslag.m4a */,
				374506AE206F58F500AEF948 /* watchforslagmines.m4a */,
				37D2E9E7206408E400C7523B /* slagmanvoice.m4a */,
			);
			path = "Intro Voices";
			sourceTree = "<group>";
		};
		375EFC06207A9277008CCA70 /* Scene Files */ = {
			isa = PBXGroup;
			children = (
				375EFC0B207BD772008CCA70 /* TutorialCompletedScene.swift */,
				37146505205B0BEA00D574D4 /* ChallengeCompletedScene.swift */,
			);
			path = "Scene Files";
			sourceTree = "<group>";
		};
		375EFC252084F6FB008CCA70 /* Chapter 1 */ = {
			isa = PBXGroup;
			children = (
				375EFC01207A83E5008CCA70 /* Challenge0.sks */,
				37D2E9DB2062C1EE00C7523B /* Challenge1.sks */,
				37146501205A07ED00D574D4 /* Challenge2.sks */,
				37D2E9E320635B9100C7523B /* Challenge3.sks */,
				375EFC09207B2383008CCA70 /* Challenge4.sks */,
				374294032064C62C00E52496 /* Challenge5.sks */,
				374F4BF1206DB642004ED85D /* Challenge6.sks */,
				37B02F7F206AE6B700F0F921 /* Challenge7.sks */,
				3745069D206EAE3D00AEF948 /* Challenge8.sks */,
				3745069F206EB36E00AEF948 /* Challenge9.sks */,
				375EFBEF2071C46B008CCA70 /* Challenge10.sks */,
			);
			path = "Chapter 1";
			sourceTree = "<group>";
		};
		376F708D2054B05100A9785D /* Particles */ = {
			isa = PBXGroup;
			children = (
				37B02F7B2068C93B00F0F921 /* proximityexplosion.sks */,
				376F708E2054B07500A9785D /* boostparticles.sks */,
				375EFC1B207FB90C008CCA70 /* smallboostparticles.sks */,
				37CB242B2056DA37001742D8 /* boostexplosion.sks */,
				37D3F7322057042A00820D83 /* playerdeadexplosion.sks */,
			);
			path = Particles;
			sourceTree = "<group>";
		};
		378E8ECF2051A8A6006FCF4D /* Nodes */ = {
			isa = PBXGroup;
			children = (
				37CB24292056D989001742D8 /* BoostNode.swift */,
				37D2E9E92064103B00C7523B /* SlagNode.swift */,
				378E8ECD2051A89F006FCF4D /* PlayerNode.swift */,
				37F741452064D4EC00181E03 /* GravityNode.swift */,
			);
			path = Nodes;
			sourceTree = "<group>";
		};
		378E8ED02051A8CE006FCF4D /* Scenes */ = {
			isa = PBXGroup;
			children = (
				37D2E9DA2062C1B800C7523B /* Travels */,
				37146507205B3E3800D574D4 /* BoostGate1.sks */,
				37146509205B3E3900D574D4 /* BoostGate2.sks */,
				37146508205B3E3800D574D4 /* BoostGate3.sks */,
				37C10D522059871E00DAF46E /* LaunchPlatform.sks */,
				37C10D4E20589C4200DAF46E /* FinishGate.sks */,
				37146503205AFE9200D574D4 /* ChallengeCompleted.sks */,
				375EFC0D207BD77F008CCA70 /* TutorialCompleted.sks */,
			);
			path = Scenes;
			sourceTree = "<group>";
		};
		37A0DBF0204F12300046715C /* Sounds */ = {
			isa = PBXGroup;
			children = (
				375EFBEC206FEB40008CCA70 /* Intro Voices */,
				375EFBEB206FEB2B008CCA70 /* Background Music */,
				37B02F7D2069ADA600F0F921 /* proximity.wav */,
				37C10D4A2058362300DAF46E /* explosion.wav */,
				37E7F5C32054AA710076E828 /* spacegame.caf */,
				37E7F58D205238F20076E828 /* boost.wav */,
				375EFC1F20802E53008CCA70 /* smallboost.wav */,
				375EFC1D207FC5AF008CCA70 /* fizzleboost.wav */,
				37A0DBF1204F12300046715C /* powerboost.wav */,
			);
			path = Sounds;
			sourceTree = "<group>";
		};
		37B4FFB0204D9E6500FAEC3E = {
			isa = PBXGroup;
			children = (
				37B4FFBB204D9E6500FAEC3E /* Slagman */,
				37B4FFBA204D9E6500FAEC3E /* Products */,
			);
			sourceTree = "<group>";
		};
		37B4FFBA204D9E6500FAEC3E /* Products */ = {
			isa = PBXGroup;
			children = (
				37B4FFB9204D9E6500FAEC3E /* Slagman.app */,
			);
			name = Products;
			sourceTree = "<group>";
		};
		37B4FFBB204D9E6500FAEC3E /* Slagman */ = {
			isa = PBXGroup;
			children = (
				375EFC06207A9277008CCA70 /* Scene Files */,
				37B4FFBC204D9E6500FAEC3E /* AppDelegate.swift */,
				37B4FFC4204D9E6500FAEC3E /* GameViewController.swift */,
				37B4FFC2204D9E6500FAEC3E /* GameScene.swift */,
				37B4FFC6204D9E6500FAEC3E /* Main.storyboard */,
				37B4FFC9204D9E6500FAEC3E /* Assets.xcassets */,
				37B4FFCB204D9E6500FAEC3E /* LaunchScreen.storyboard */,
				37B4FFCE204D9E6500FAEC3E /* Info.plist */,
				378E8ED02051A8CE006FCF4D /* Scenes */,
				378E8ECF2051A8A6006FCF4D /* Nodes */,
				376F708D2054B05100A9785D /* Particles */,
				37A0DBF0204F12300046715C /* Sounds */,
				37E7F59E205330820076E828 /* SKTUtils */,
				37E7F597205330700076E828 /* Other */,
			);
			path = Slagman;
			sourceTree = "<group>";
		};
		37D2E9DA2062C1B800C7523B /* Travels */ = {
			isa = PBXGroup;
			children = (
				375EFC252084F6FB008CCA70 /* Chapter 1 */,
			);
			path = Travels;
			sourceTree = "<group>";
		};
		37E7F597205330700076E828 /* Other */ = {
			isa = PBXGroup;
			children = (
				37E7F599205330700076E828 /* GregoriusViewController.swift */,
				37D2E9E12062DA4100C7523B /* IntroductionViewController.swift */,
				375EFBF120729402008CCA70 /* SettingsViewController.swift */,
				375EFBF9207477EF008CCA70 /* SlagTravelsViewController.swift */,
				375EFBFB20754D41008CCA70 /* SlagChallengesViewController.swift */,
				37E7F59A205330710076E828 /* Utilities.swift */,
				37B02F83206C21B400F0F921 /* HUD.swift */,
				375EFBFD207805E7008CCA70 /* SessionData.swift */,
			);
			path = Other;
			sourceTree = "<group>";
		};
		37E7F59E205330820076E828 /* SKTUtils */ = {
			isa = PBXGroup;
			children = (
				37E7F59F205330820076E828 /* CGFloat+Extensions.swift */,
				37E7F5A0205330820076E828 /* CGPoint+Extensions.swift */,
				37E7F5A1205330820076E828 /* CGVector+Extensions.swift */,
				37E7F5A2205330820076E828 /* Int+Extensions.swift */,
				37E7F5A3205330820076E828 /* SKAction+Extensions.swift */,
				37E7F5A4205330820076E828 /* SKAction+SpecialEffects.swift */,
				37E7F5A5205330820076E828 /* SKColor+Extensions.swift */,
				37E7F5A6205330820076E828 /* SKNode+Extensions.swift */,
				37E7F5A7205330820076E828 /* SKTAudio.swift */,
				37E7F5A8205330820076E828 /* SKTEffects.swift */,
				37E7F5A9205330820076E828 /* SKTTimingFunctions.swift */,
				37E7F5AA205330820076E828 /* Vector3.swift */,
			);
			path = SKTUtils;
			sourceTree = "<group>";
		};
/* End PBXGroup section */

/* Begin PBXNativeTarget section */
		37B4FFB8204D9E6500FAEC3E /* Slagman */ = {
			isa = PBXNativeTarget;
			buildConfigurationList = 37B4FFD1204D9E6500FAEC3E /* Build configuration list for PBXNativeTarget "Slagman" */;
			buildPhases = (
				37B4FFB5204D9E6500FAEC3E /* Sources */,
				37B4FFB6204D9E6500FAEC3E /* Frameworks */,
				37B4FFB7204D9E6500FAEC3E /* Resources */,
			);
			buildRules = (
			);
			dependencies = (
			);
			name = Slagman;
			productName = "Jetpack McFlax";
			productReference = 37B4FFB9204D9E6500FAEC3E /* Slagman.app */;
			productType = "com.apple.product-type.application";
		};
/* End PBXNativeTarget section */

/* Begin PBXProject section */
		37B4FFB1204D9E6500FAEC3E /* Project object */ = {
			isa = PBXProject;
			attributes = {
				LastSwiftUpdateCheck = 0920;
				LastUpgradeCheck = 0930;
				ORGANIZATIONNAME = "Gregorius T";
				TargetAttributes = {
					37B4FFB8204D9E6500FAEC3E = {
						CreatedOnToolsVersion = 9.2;
						ProvisioningStyle = Automatic;
					};
				};
			};
			buildConfigurationList = 37B4FFB4204D9E6500FAEC3E /* Build configuration list for PBXProject "Slagman" */;
			compatibilityVersion = "Xcode 8.0";
			developmentRegion = en;
			hasScannedForEncodings = 0;
			knownRegions = (
				en,
				Base,
			);
			mainGroup = 37B4FFB0204D9E6500FAEC3E;
			productRefGroup = 37B4FFBA204D9E6500FAEC3E /* Products */;
			projectDirPath = "";
			projectRoot = "";
			targets = (
				37B4FFB8204D9E6500FAEC3E /* Slagman */,
			);
		};
/* End PBXProject section */

/* Begin PBXResourcesBuildPhase section */
		37B4FFB7204D9E6500FAEC3E /* Resources */ = {
			isa = PBXResourcesBuildPhase;
			buildActionMask = 2147483647;
			files = (
				37D2E9E8206408E400C7523B /* slagmanvoice.m4a in Resources */,
				37B02F7C2068C93C00F0F921 /* proximityexplosion.sks in Resources */,
				37D2E9E420635B9200C7523B /* Challenge3.sks in Resources */,
				3714650B205B3E3900D574D4 /* BoostGate3.sks in Resources */,
				37E7F58E205238F20076E828 /* boost.wav in Resources */,
				374506A0206EB36E00AEF948 /* Challenge9.sks in Resources */,
				374506B4206F58F500AEF948 /* watchforslagmines.m4a in Resources */,
				37C10D4F20589C4200DAF46E /* FinishGate.sks in Resources */,
				375EFC16207F068A008CCA70 /* bustaslagmove.m4a in Resources */,
				374506B2206F58F500AEF948 /* linktheslag.m4a in Resources */,
				375EFC1C207FB90D008CCA70 /* smallboostparticles.sks in Resources */,
				374294042064C62D00E52496 /* Challenge5.sks in Resources */,
				37B4FFC8204D9E6500FAEC3E /* Main.storyboard in Resources */,
				3745069E206EAE3D00AEF948 /* Challenge8.sks in Resources */,
				375EFBEE206FEBB9008CCA70 /* slumsofrage.wav in Resources */,
				375EFBF02071C46C008CCA70 /* Challenge10.sks in Resources */,
				375EFC15207F068A008CCA70 /* powertotheslag.m4a in Resources */,
				375EFBF52074314B008CCA70 /* timetoslagup.m4a in Resources */,
				37A0DBF2204F12300046715C /* powerboost.wav in Resources */,
				37146502205A07ED00D574D4 /* Challenge2.sks in Resources */,
				375EFC17207F068A008CCA70 /* learntoslag.m4a in Resources */,
				37C10D4B2058362300DAF46E /* explosion.wav in Resources */,
				375EFC0A207B2384008CCA70 /* Challenge4.sks in Resources */,
				37D2E9DC2062C1EE00C7523B /* Challenge1.sks in Resources */,
				37C10D532059871E00DAF46E /* LaunchPlatform.sks in Resources */,
				374F4BF2206DB642004ED85D /* Challenge6.sks in Resources */,
				375EFC2020802E54008CCA70 /* smallboost.wav in Resources */,
				37E7F5C42054AA710076E828 /* spacegame.caf in Resources */,
				37B02F80206AE6B700F0F921 /* Challenge7.sks in Resources */,
				375EFC1A207F068A008CCA70 /* littlegrabbyslags.m4a in Resources */,
				3714650E205C84E100D574D4 /* lunarlove.wav in Resources */,
				375EFC1E207FC5AF008CCA70 /* fizzleboost.wav in Resources */,
				37B4FFCA204D9E6500FAEC3E /* Assets.xcassets in Resources */,
				37B4FFCD204D9E6500FAEC3E /* LaunchScreen.storyboard in Resources */,
				374506B1206F58F500AEF948 /* areyouslaggy.m4a in Resources */,
				3714650A205B3E3900D574D4 /* BoostGate1.sks in Resources */,
				37CB242C2056DA37001742D8 /* boostexplosion.sks in Resources */,
				3714650C205B3E3900D574D4 /* BoostGate2.sks in Resources */,
				37B02F7E2069ADA600F0F921 /* proximity.wav in Resources */,
				374506AF206F58F500AEF948 /* gravtotheslag.m4a in Resources */,
				376F708F2054B07600A9785D /* boostparticles.sks in Resources */,
				375EFC18207F068A008CCA70 /* mrslaggysayshello.m4a in Resources */,
				375EFC19207F068A008CCA70 /* letsslag.m4a in Resources */,
				375EFC2420812499008CCA70 /* eightballcafe.wav in Resources */,
				375EFC2220803020008CCA70 /* challengevoice.m4a in Resources */,
				37D3F7342057042A00820D83 /* playerdeadexplosion.sks in Resources */,
				375EFC02207A83E5008CCA70 /* Challenge0.sks in Resources */,
				37146504205AFE9200D574D4 /* ChallengeCompleted.sks in Resources */,
				375EFC0E207BD77F008CCA70 /* TutorialCompleted.sks in Resources */,
			);
			runOnlyForDeploymentPostprocessing = 0;
		};
/* End PBXResourcesBuildPhase section */

/* Begin PBXSourcesBuildPhase section */
		37B4FFB5204D9E6500FAEC3E /* Sources */ = {
			isa = PBXSourcesBuildPhase;
			buildActionMask = 2147483647;
			files = (
				37F741462064D4EC00181E03 /* GravityNode.swift in Sources */,
				37D2E9E22062DA4100C7523B /* IntroductionViewController.swift in Sources */,
				37E7F5AD205330830076E828 /* CGVector+Extensions.swift in Sources */,
				37D2E9EA2064103B00C7523B /* SlagNode.swift in Sources */,
				375EFBFE207805E7008CCA70 /* SessionData.swift in Sources */,
				37E7F59C205330710076E828 /* GregoriusViewController.swift in Sources */,
				37E7F5B2205330830076E828 /* SKNode+Extensions.swift in Sources */,
				37E7F5AF205330830076E828 /* SKAction+Extensions.swift in Sources */,
				37E7F59D205330710076E828 /* Utilities.swift in Sources */,
				37B4FFC3204D9E6500FAEC3E /* GameScene.swift in Sources */,
				37E7F5AC205330830076E828 /* CGPoint+Extensions.swift in Sources */,
				37E7F5B0205330830076E828 /* SKAction+SpecialEffects.swift in Sources */,
				37B4FFC5204D9E6500FAEC3E /* GameViewController.swift in Sources */,
				375EFC0C207BD772008CCA70 /* TutorialCompletedScene.swift in Sources */,
				37E7F5B5205330830076E828 /* SKTTimingFunctions.swift in Sources */,
				37E7F5B1205330830076E828 /* SKColor+Extensions.swift in Sources */,
				37E7F5AE205330830076E828 /* Int+Extensions.swift in Sources */,
				378E8ECE2051A89F006FCF4D /* PlayerNode.swift in Sources */,
				37E7F5B3205330830076E828 /* SKTAudio.swift in Sources */,
				37E7F5AB205330830076E828 /* CGFloat+Extensions.swift in Sources */,
				37CB242A2056D989001742D8 /* BoostNode.swift in Sources */,
				375EFBFC20754D41008CCA70 /* SlagChallengesViewController.swift in Sources */,
				37E7F5B4205330830076E828 /* SKTEffects.swift in Sources */,
				37B02F84206C21B400F0F921 /* HUD.swift in Sources */,
				375EFBFA207477EF008CCA70 /* SlagTravelsViewController.swift in Sources */,
				37E7F5B6205330830076E828 /* Vector3.swift in Sources */,
				375EFBF220729402008CCA70 /* SettingsViewController.swift in Sources */,
				37146506205B0BEA00D574D4 /* ChallengeCompletedScene.swift in Sources */,
				37B4FFBD204D9E6500FAEC3E /* AppDelegate.swift in Sources */,
			);
			runOnlyForDeploymentPostprocessing = 0;
		};
/* End PBXSourcesBuildPhase section */

/* Begin PBXVariantGroup section */
		37B4FFC6204D9E6500FAEC3E /* Main.storyboard */ = {
			isa = PBXVariantGroup;
			children = (
				37B4FFC7204D9E6500FAEC3E /* Base */,
			);
			name = Main.storyboard;
			sourceTree = "<group>";
		};
		37B4FFCB204D9E6500FAEC3E /* LaunchScreen.storyboard */ = {
			isa = PBXVariantGroup;
			children = (
				37B4FFCC204D9E6500FAEC3E /* Base */,
			);
			name = LaunchScreen.storyboard;
			sourceTree = "<group>";
		};
/* End PBXVariantGroup section */

/* Begin XCBuildConfiguration section */
		37B4FFCF204D9E6500FAEC3E /* Debug */ = {
			isa = XCBuildConfiguration;
			buildSettings = {
				ALWAYS_SEARCH_USER_PATHS = NO;
				CLANG_ANALYZER_NONNULL = YES;
				CLANG_ANALYZER_NUMBER_OBJECT_CONVERSION = YES_AGGRESSIVE;
				CLANG_CXX_LANGUAGE_STANDARD = "gnu++14";
				CLANG_CXX_LIBRARY = "libc++";
				CLANG_ENABLE_MODULES = YES;
				CLANG_ENABLE_OBJC_ARC = YES;
				CLANG_WARN_BLOCK_CAPTURE_AUTORELEASING = YES;
				CLANG_WARN_BOOL_CONVERSION = YES;
				CLANG_WARN_COMMA = YES;
				CLANG_WARN_CONSTANT_CONVERSION = YES;
				CLANG_WARN_DEPRECATED_OBJC_IMPLEMENTATIONS = YES;
				CLANG_WARN_DIRECT_OBJC_ISA_USAGE = YES_ERROR;
				CLANG_WARN_DOCUMENTATION_COMMENTS = YES;
				CLANG_WARN_EMPTY_BODY = YES;
				CLANG_WARN_ENUM_CONVERSION = YES;
				CLANG_WARN_INFINITE_RECURSION = YES;
				CLANG_WARN_INT_CONVERSION = YES;
				CLANG_WARN_NON_LITERAL_NULL_CONVERSION = YES;
				CLANG_WARN_OBJC_IMPLICIT_RETAIN_SELF = YES;
				CLANG_WARN_OBJC_LITERAL_CONVERSION = YES;
				CLANG_WARN_OBJC_ROOT_CLASS = YES_ERROR;
				CLANG_WARN_RANGE_LOOP_ANALYSIS = YES;
				CLANG_WARN_STRICT_PROTOTYPES = YES;
				CLANG_WARN_SUSPICIOUS_MOVE = YES;
				CLANG_WARN_UNGUARDED_AVAILABILITY = YES_AGGRESSIVE;
				CLANG_WARN_UNREACHABLE_CODE = YES;
				CLANG_WARN__DUPLICATE_METHOD_MATCH = YES;
				CODE_SIGN_IDENTITY = "iPhone Developer";
				COPY_PHASE_STRIP = NO;
				DEBUG_INFORMATION_FORMAT = dwarf;
				ENABLE_STRICT_OBJC_MSGSEND = YES;
				ENABLE_TESTABILITY = YES;
				GCC_C_LANGUAGE_STANDARD = gnu11;
				GCC_DYNAMIC_NO_PIC = NO;
				GCC_NO_COMMON_BLOCKS = YES;
				GCC_OPTIMIZATION_LEVEL = 0;
				GCC_PREPROCESSOR_DEFINITIONS = (
					"DEBUG=1",
					"$(inherited)",
				);
				GCC_WARN_64_TO_32_BIT_CONVERSION = YES;
				GCC_WARN_ABOUT_RETURN_TYPE = YES_ERROR;
				GCC_WARN_UNDECLARED_SELECTOR = YES;
				GCC_WARN_UNINITIALIZED_AUTOS = YES_AGGRESSIVE;
				GCC_WARN_UNUSED_FUNCTION = YES;
				GCC_WARN_UNUSED_VARIABLE = YES;
				IPHONEOS_DEPLOYMENT_TARGET = 11.3;
				MTL_ENABLE_DEBUG_INFO = YES;
				ONLY_ACTIVE_ARCH = YES;
				SDKROOT = iphoneos;
				SWIFT_ACTIVE_COMPILATION_CONDITIONS = DEBUG;
				SWIFT_OPTIMIZATION_LEVEL = "-Onone";
			};
			name = Debug;
		};
		37B4FFD0204D9E6500FAEC3E /* Release */ = {
			isa = XCBuildConfiguration;
			buildSettings = {
				ALWAYS_SEARCH_USER_PATHS = NO;
				CLANG_ANALYZER_NONNULL = YES;
				CLANG_ANALYZER_NUMBER_OBJECT_CONVERSION = YES_AGGRESSIVE;
				CLANG_CXX_LANGUAGE_STANDARD = "gnu++14";
				CLANG_CXX_LIBRARY = "libc++";
				CLANG_ENABLE_MODULES = YES;
				CLANG_ENABLE_OBJC_ARC = YES;
				CLANG_WARN_BLOCK_CAPTURE_AUTORELEASING = YES;
				CLANG_WARN_BOOL_CONVERSION = YES;
				CLANG_WARN_COMMA = YES;
				CLANG_WARN_CONSTANT_CONVERSION = YES;
				CLANG_WARN_DEPRECATED_OBJC_IMPLEMENTATIONS = YES;
				CLANG_WARN_DIRECT_OBJC_ISA_USAGE = YES_ERROR;
				CLANG_WARN_DOCUMENTATION_COMMENTS = YES;
				CLANG_WARN_EMPTY_BODY = YES;
				CLANG_WARN_ENUM_CONVERSION = YES;
				CLANG_WARN_INFINITE_RECURSION = YES;
				CLANG_WARN_INT_CONVERSION = YES;
				CLANG_WARN_NON_LITERAL_NULL_CONVERSION = YES;
				CLANG_WARN_OBJC_IMPLICIT_RETAIN_SELF = YES;
				CLANG_WARN_OBJC_LITERAL_CONVERSION = YES;
				CLANG_WARN_OBJC_ROOT_CLASS = YES_ERROR;
				CLANG_WARN_RANGE_LOOP_ANALYSIS = YES;
				CLANG_WARN_STRICT_PROTOTYPES = YES;
				CLANG_WARN_SUSPICIOUS_MOVE = YES;
				CLANG_WARN_UNGUARDED_AVAILABILITY = YES_AGGRESSIVE;
				CLANG_WARN_UNREACHABLE_CODE = YES;
				CLANG_WARN__DUPLICATE_METHOD_MATCH = YES;
				CODE_SIGN_IDENTITY = "iPhone Developer";
				COPY_PHASE_STRIP = NO;
				DEBUG_INFORMATION_FORMAT = "dwarf-with-dsym";
				ENABLE_NS_ASSERTIONS = NO;
				ENABLE_STRICT_OBJC_MSGSEND = YES;
				GCC_C_LANGUAGE_STANDARD = gnu11;
				GCC_NO_COMMON_BLOCKS = YES;
				GCC_WARN_64_TO_32_BIT_CONVERSION = YES;
				GCC_WARN_ABOUT_RETURN_TYPE = YES_ERROR;
				GCC_WARN_UNDECLARED_SELECTOR = YES;
				GCC_WARN_UNINITIALIZED_AUTOS = YES_AGGRESSIVE;
				GCC_WARN_UNUSED_FUNCTION = YES;
				GCC_WARN_UNUSED_VARIABLE = YES;
				IPHONEOS_DEPLOYMENT_TARGET = 11.3;
				MTL_ENABLE_DEBUG_INFO = NO;
				SDKROOT = iphoneos;
				SWIFT_OPTIMIZATION_LEVEL = "-Owholemodule";
				VALIDATE_PRODUCT = YES;
			};
			name = Release;
		};
		37B4FFD2204D9E6500FAEC3E /* Debug */ = {
			isa = XCBuildConfiguration;
			buildSettings = {
				ASSETCATALOG_COMPILER_APPICON_NAME = AppIcon;
				CODE_SIGN_STYLE = Automatic;
				DEVELOPMENT_TEAM = BSRP34SCGL;
				INFOPLIST_FILE = Slagman/Info.plist;
				IPHONEOS_DEPLOYMENT_TARGET = 10.3;
				LD_RUNPATH_SEARCH_PATHS = "$(inherited) @executable_path/Frameworks";
				PRODUCT_BUNDLE_IDENTIFIER = com.gregoriust.slagman;
				PRODUCT_NAME = "$(TARGET_NAME)";
				SWIFT_VERSION = 4.0;
				TARGETED_DEVICE_FAMILY = "1,2";
			};
			name = Debug;
		};
		37B4FFD3204D9E6500FAEC3E /* Release */ = {
			isa = XCBuildConfiguration;
			buildSettings = {
				ASSETCATALOG_COMPILER_APPICON_NAME = AppIcon;
				CODE_SIGN_STYLE = Automatic;
				DEVELOPMENT_TEAM = BSRP34SCGL;
				INFOPLIST_FILE = Slagman/Info.plist;
				IPHONEOS_DEPLOYMENT_TARGET = 10.3;
				LD_RUNPATH_SEARCH_PATHS = "$(inherited) @executable_path/Frameworks";
				PRODUCT_BUNDLE_IDENTIFIER = com.gregoriust.slagman;
				PRODUCT_NAME = "$(TARGET_NAME)";
				SWIFT_VERSION = 4.0;
				TARGETED_DEVICE_FAMILY = "1,2";
			};
			name = Release;
		};
/* End XCBuildConfiguration section */

/* Begin XCConfigurationList section */
		37B4FFB4204D9E6500FAEC3E /* Build configuration list for PBXProject "Slagman" */ = {
			isa = XCConfigurationList;
			buildConfigurations = (
				37B4FFCF204D9E6500FAEC3E /* Debug */,
				37B4FFD0204D9E6500FAEC3E /* Release */,
			);
			defaultConfigurationIsVisible = 0;
			defaultConfigurationName = Release;
		};
		37B4FFD1204D9E6500FAEC3E /* Build configuration list for PBXNativeTarget "Slagman" */ = {
			isa = XCConfigurationList;
			buildConfigurations = (
				37B4FFD2204D9E6500FAEC3E /* Debug */,
				37B4FFD3204D9E6500FAEC3E /* Release */,
			);
			defaultConfigurationIsVisible = 0;
			defaultConfigurationName = Release;
		};
/* End XCConfigurationList section */
	};
	rootObject = 37B4FFB1204D9E6500FAEC3E /* Project object */;
}
