// !$*UTF8*$!
{
	archiveVersion = 1;
	classes = {
	};
	objectVersion = 48;
	objects = {

/* Begin PBXBuildFile section */
		37068AEB209CADCA00003187 /* TransportGateLeft.sks in Resources */ = {isa = PBXBuildFile; fileRef = 37068AEA209CADCA00003187 /* TransportGateLeft.sks */; };
		370F680A20B873E000074D8B /* theslagparticle.m4a in Resources */ = {isa = PBXBuildFile; fileRef = 370F67F420B873D200074D8B /* theslagparticle.m4a */; };
		370F680B20B873E000074D8B /* slaggravity.m4a in Resources */ = {isa = PBXBuildFile; fileRef = 370F67F520B873D300074D8B /* slaggravity.m4a */; };
		370F680C20B873E000074D8B /* itsagooddaytoslag.m4a in Resources */ = {isa = PBXBuildFile; fileRef = 370F67F620B873D300074D8B /* itsagooddaytoslag.m4a */; };
		370F680D20B873E000074D8B /* areyoufeelingslaggy.m4a in Resources */ = {isa = PBXBuildFile; fileRef = 370F67F720B873D300074D8B /* areyoufeelingslaggy.m4a */; };
		370F680E20B873E000074D8B /* pulpslag.m4a in Resources */ = {isa = PBXBuildFile; fileRef = 370F67F820B873D300074D8B /* pulpslag.m4a */; };
		370F680F20B873E000074D8B /* forafewslagmore.m4a in Resources */ = {isa = PBXBuildFile; fileRef = 370F67F920B873D400074D8B /* forafewslagmore.m4a */; };
		370F681020B873E000074D8B /* theslagprinciple.m4a in Resources */ = {isa = PBXBuildFile; fileRef = 370F67FA20B873D400074D8B /* theslagprinciple.m4a */; };
		370F681120B873E000074D8B /* thetheoryofslag.m4a in Resources */ = {isa = PBXBuildFile; fileRef = 370F67FB20B873D400074D8B /* thetheoryofslag.m4a */; };
		370F681220B873E000074D8B /* thequantumslag.m4a in Resources */ = {isa = PBXBuildFile; fileRef = 370F67FC20B873D500074D8B /* thequantumslag.m4a */; };
		370F681320B873E000074D8B /* thesymmetryofslag.m4a in Resources */ = {isa = PBXBuildFile; fileRef = 370F67FD20B873D500074D8B /* thesymmetryofslag.m4a */; };
		370F681420B873E000074D8B /* transporttheslag.m4a in Resources */ = {isa = PBXBuildFile; fileRef = 370F67FE20B873D500074D8B /* transporttheslag.m4a */; };
		370F681520B873E000074D8B /* slaghard.m4a in Resources */ = {isa = PBXBuildFile; fileRef = 370F67FF20B873D600074D8B /* slaghard.m4a */; };
		370F681620B873E000074D8B /* slagequalsmcslagged.m4a in Resources */ = {isa = PBXBuildFile; fileRef = 370F680020B873D600074D8B /* slagequalsmcslagged.m4a */; };
		370F681720B873E000074D8B /* thegoodthebadandtheslag.m4a in Resources */ = {isa = PBXBuildFile; fileRef = 370F680120B873D700074D8B /* thegoodthebadandtheslag.m4a */; };
		370F681820B873E000074D8B /* slagwars.m4a in Resources */ = {isa = PBXBuildFile; fileRef = 370F680220B873D800074D8B /* slagwars.m4a */; };
		370F681920B873E000074D8B /* guardiansoftheslag.m4a in Resources */ = {isa = PBXBuildFile; fileRef = 370F680320B873D900074D8B /* guardiansoftheslag.m4a */; };
		370F681A20B873E000074D8B /* escapefromnewslag.m4a in Resources */ = {isa = PBXBuildFile; fileRef = 370F680420B873DA00074D8B /* escapefromnewslag.m4a */; };
		370F681B20B873E000074D8B /* theslagcontinuum.m4a in Resources */ = {isa = PBXBuildFile; fileRef = 370F680520B873DB00074D8B /* theslagcontinuum.m4a */; };
		370F681C20B873E000074D8B /* slagwarp.m4a in Resources */ = {isa = PBXBuildFile; fileRef = 370F680620B873DC00074D8B /* slagwarp.m4a */; };
		370F681D20B873E000074D8B /* slagharder.m4a in Resources */ = {isa = PBXBuildFile; fileRef = 370F680720B873DD00074D8B /* slagharder.m4a */; };
		370F681E20B873E000074D8B /* thebigslagowski.m4a in Resources */ = {isa = PBXBuildFile; fileRef = 370F680820B873DE00074D8B /* thebigslagowski.m4a */; };
		370F681F20B873E000074D8B /* theslagparadox.m4a in Resources */ = {isa = PBXBuildFile; fileRef = 370F680920B873DF00074D8B /* theslagparadox.m4a */; };
		37146502205A07ED00D574D4 /* Challenge2.sks in Resources */ = {isa = PBXBuildFile; fileRef = 37146501205A07ED00D574D4 /* Challenge2.sks */; };
		37146504205AFE9200D574D4 /* ChallengeCompleted.sks in Resources */ = {isa = PBXBuildFile; fileRef = 37146503205AFE9200D574D4 /* ChallengeCompleted.sks */; };
		37146506205B0BEA00D574D4 /* ChallengeCompletedScene.swift in Sources */ = {isa = PBXBuildFile; fileRef = 37146505205B0BEA00D574D4 /* ChallengeCompletedScene.swift */; };
		3714650E205C84E100D574D4 /* lunarlove.wav in Resources */ = {isa = PBXBuildFile; fileRef = 3714650D205C84E100D574D4 /* lunarlove.wav */; };
		37285E2120A769A80064E856 /* TransportGateCenterLeft.sks in Resources */ = {isa = PBXBuildFile; fileRef = 37285E2020A769A80064E856 /* TransportGateCenterLeft.sks */; };
		37285E2320A79ED90064E856 /* TransportGateCenterRight.sks in Resources */ = {isa = PBXBuildFile; fileRef = 37285E2220A79ED90064E856 /* TransportGateCenterRight.sks */; };
		37285E2520A896B90064E856 /* Challenge25.sks in Resources */ = {isa = PBXBuildFile; fileRef = 37285E2420A896B90064E856 /* Challenge25.sks */; };
		374294042064C62D00E52496 /* Challenge5.sks in Resources */ = {isa = PBXBuildFile; fileRef = 374294032064C62C00E52496 /* Challenge5.sks */; };
		3745069E206EAE3D00AEF948 /* Challenge8.sks in Resources */ = {isa = PBXBuildFile; fileRef = 3745069D206EAE3D00AEF948 /* Challenge8.sks */; };
		374506A0206EB36E00AEF948 /* Challenge9.sks in Resources */ = {isa = PBXBuildFile; fileRef = 3745069F206EB36E00AEF948 /* Challenge9.sks */; };
		374506B2206F58F500AEF948 /* linktheslag.m4a in Resources */ = {isa = PBXBuildFile; fileRef = 374506AC206F58F500AEF948 /* linktheslag.m4a */; };
		374506B4206F58F500AEF948 /* watchforslagmines.m4a in Resources */ = {isa = PBXBuildFile; fileRef = 374506AE206F58F500AEF948 /* watchforslagmines.m4a */; };
		374F4BF2206DB642004ED85D /* Challenge6.sks in Resources */ = {isa = PBXBuildFile; fileRef = 374F4BF1206DB642004ED85D /* Challenge6.sks */; };
		375A390B2094D78000136A63 /* BoostGateLeftRed.sks in Resources */ = {isa = PBXBuildFile; fileRef = 375A39082094D77F00136A63 /* BoostGateLeftRed.sks */; };
		375A390C2094D78000136A63 /* BoostGateRightRed.sks in Resources */ = {isa = PBXBuildFile; fileRef = 375A39092094D78000136A63 /* BoostGateRightRed.sks */; };
		375A390D2094D78000136A63 /* BoostGateCenterRed.sks in Resources */ = {isa = PBXBuildFile; fileRef = 375A390A2094D78000136A63 /* BoostGateCenterRed.sks */; };
		375A39102094D79600136A63 /* FinishGateRed.sks in Resources */ = {isa = PBXBuildFile; fileRef = 375A390E2094D79600136A63 /* FinishGateRed.sks */; };
		375A39112094D79600136A63 /* LaunchPlatformRed.sks in Resources */ = {isa = PBXBuildFile; fileRef = 375A390F2094D79600136A63 /* LaunchPlatformRed.sks */; };
		375A39142094E54200136A63 /* Challenge20.sks in Resources */ = {isa = PBXBuildFile; fileRef = 375A39122094E54200136A63 /* Challenge20.sks */; };
		375A39152094E54200136A63 /* Challenge19.sks in Resources */ = {isa = PBXBuildFile; fileRef = 375A39132094E54200136A63 /* Challenge19.sks */; };
		375A39182095450A00136A63 /* Challenge22.sks in Resources */ = {isa = PBXBuildFile; fileRef = 375A39172095450A00136A63 /* Challenge22.sks */; };
		375A391C2097F93600136A63 /* TransportGateRight.sks in Resources */ = {isa = PBXBuildFile; fileRef = 375A391B2097F93600136A63 /* TransportGateRight.sks */; };
		375EFBEE206FEBB9008CCA70 /* slumsofrage.wav in Resources */ = {isa = PBXBuildFile; fileRef = 375EFBED206FEBB9008CCA70 /* slumsofrage.wav */; };
		375EFBF02071C46C008CCA70 /* Challenge10.sks in Resources */ = {isa = PBXBuildFile; fileRef = 375EFBEF2071C46B008CCA70 /* Challenge10.sks */; };
		375EFBF220729402008CCA70 /* SettingsViewController.swift in Sources */ = {isa = PBXBuildFile; fileRef = 375EFBF120729402008CCA70 /* SettingsViewController.swift */; };
		375EFBF52074314B008CCA70 /* timetoslagup.m4a in Resources */ = {isa = PBXBuildFile; fileRef = 375EFBF32074314B008CCA70 /* timetoslagup.m4a */; };
		375EFBFA207477EF008CCA70 /* SlagTravelsViewController.swift in Sources */ = {isa = PBXBuildFile; fileRef = 375EFBF9207477EF008CCA70 /* SlagTravelsViewController.swift */; };
		375EFBFC20754D41008CCA70 /* SlagChallengesViewController.swift in Sources */ = {isa = PBXBuildFile; fileRef = 375EFBFB20754D41008CCA70 /* SlagChallengesViewController.swift */; };
		375EFBFE207805E7008CCA70 /* SessionData.swift in Sources */ = {isa = PBXBuildFile; fileRef = 375EFBFD207805E7008CCA70 /* SessionData.swift */; };
		375EFC02207A83E5008CCA70 /* Challenge0.sks in Resources */ = {isa = PBXBuildFile; fileRef = 375EFC01207A83E5008CCA70 /* Challenge0.sks */; };
		375EFC0A207B2384008CCA70 /* Challenge4.sks in Resources */ = {isa = PBXBuildFile; fileRef = 375EFC09207B2383008CCA70 /* Challenge4.sks */; };
		375EFC15207F068A008CCA70 /* powertotheslag.m4a in Resources */ = {isa = PBXBuildFile; fileRef = 375EFC0F207F0689008CCA70 /* powertotheslag.m4a */; };
		375EFC16207F068A008CCA70 /* bustaslagmove.m4a in Resources */ = {isa = PBXBuildFile; fileRef = 375EFC10207F0689008CCA70 /* bustaslagmove.m4a */; };
		375EFC17207F068A008CCA70 /* learntoslag.m4a in Resources */ = {isa = PBXBuildFile; fileRef = 375EFC11207F068A008CCA70 /* learntoslag.m4a */; };
		375EFC18207F068A008CCA70 /* mrslaggysayshello.m4a in Resources */ = {isa = PBXBuildFile; fileRef = 375EFC12207F068A008CCA70 /* mrslaggysayshello.m4a */; };
		375EFC19207F068A008CCA70 /* letsslag.m4a in Resources */ = {isa = PBXBuildFile; fileRef = 375EFC13207F068A008CCA70 /* letsslag.m4a */; };
		375EFC1A207F068A008CCA70 /* littlegrabbyslags.m4a in Resources */ = {isa = PBXBuildFile; fileRef = 375EFC14207F068A008CCA70 /* littlegrabbyslags.m4a */; };
		375EFC1C207FB90D008CCA70 /* smallboostparticles.sks in Resources */ = {isa = PBXBuildFile; fileRef = 375EFC1B207FB90C008CCA70 /* smallboostparticles.sks */; };
		375EFC1E207FC5AF008CCA70 /* fizzleboost.wav in Resources */ = {isa = PBXBuildFile; fileRef = 375EFC1D207FC5AF008CCA70 /* fizzleboost.wav */; };
		375EFC2020802E54008CCA70 /* smallboost.wav in Resources */ = {isa = PBXBuildFile; fileRef = 375EFC1F20802E53008CCA70 /* smallboost.wav */; };
		375EFC2220803020008CCA70 /* challengevoice.m4a in Resources */ = {isa = PBXBuildFile; fileRef = 375EFC2120803020008CCA70 /* challengevoice.m4a */; };
		375EFC2420812499008CCA70 /* eightballcafe.wav in Resources */ = {isa = PBXBuildFile; fileRef = 375EFC2320812499008CCA70 /* eightballcafe.wav */; };
		375EFC2720864A0D008CCA70 /* Challenge12.sks in Resources */ = {isa = PBXBuildFile; fileRef = 375EFC2620864A0D008CCA70 /* Challenge12.sks */; };
		375EFC2D2086C2C2008CCA70 /* RotatingGateCenter.sks in Resources */ = {isa = PBXBuildFile; fileRef = 375EFC2C2086C2C1008CCA70 /* RotatingGateCenter.sks */; };
		376F708F2054B07600A9785D /* boostparticles.sks in Resources */ = {isa = PBXBuildFile; fileRef = 376F708E2054B07500A9785D /* boostparticles.sks */; };
		377F593820897031005F0B84 /* RotatingGateRight.sks in Resources */ = {isa = PBXBuildFile; fileRef = 377F593620897030005F0B84 /* RotatingGateRight.sks */; };
		377F593920897031005F0B84 /* RotatingGateLeft.sks in Resources */ = {isa = PBXBuildFile; fileRef = 377F593720897031005F0B84 /* RotatingGateLeft.sks */; };
		377F593B2089764C005F0B84 /* Challenge11.sks in Resources */ = {isa = PBXBuildFile; fileRef = 377F593A2089764B005F0B84 /* Challenge11.sks */; };
		378E8ECE2051A89F006FCF4D /* PlayerNode.swift in Sources */ = {isa = PBXBuildFile; fileRef = 378E8ECD2051A89F006FCF4D /* PlayerNode.swift */; };
		3793FA31208EB72800827990 /* LaunchPlatformSilver.sks in Resources */ = {isa = PBXBuildFile; fileRef = 3793FA30208EB72700827990 /* LaunchPlatformSilver.sks */; };
		3793FA33208EB7FC00827990 /* FinishGateSilver.sks in Resources */ = {isa = PBXBuildFile; fileRef = 3793FA32208EB7FC00827990 /* FinishGateSilver.sks */; };
		3793FA3B208FC65C00827990 /* BoostGateCenterSilver.sks in Resources */ = {isa = PBXBuildFile; fileRef = 3793FA38208FC65B00827990 /* BoostGateCenterSilver.sks */; };
		3793FA3C208FC65C00827990 /* BoostGateRightSilver.sks in Resources */ = {isa = PBXBuildFile; fileRef = 3793FA39208FC65C00827990 /* BoostGateRightSilver.sks */; };
		3793FA3D208FC65C00827990 /* BoostGateLeftSilver.sks in Resources */ = {isa = PBXBuildFile; fileRef = 3793FA3A208FC65C00827990 /* BoostGateLeftSilver.sks */; };
		3793FA3F208FC94E00827990 /* Challenge13.sks in Resources */ = {isa = PBXBuildFile; fileRef = 3793FA3E208FC94E00827990 /* Challenge13.sks */; };
		3793FA412090CF8300827990 /* Challenge14.sks in Resources */ = {isa = PBXBuildFile; fileRef = 3793FA402090CF8200827990 /* Challenge14.sks */; };
		3793FA4320922B1F00827990 /* Challenge15.sks in Resources */ = {isa = PBXBuildFile; fileRef = 3793FA4220922B1E00827990 /* Challenge15.sks */; };
		3793FA452092921A00827990 /* Challenge16.sks in Resources */ = {isa = PBXBuildFile; fileRef = 3793FA442092921A00827990 /* Challenge16.sks */; };
		3793FA472092C22700827990 /* Challenge17.sks in Resources */ = {isa = PBXBuildFile; fileRef = 3793FA462092C22700827990 /* Challenge17.sks */; };
		3793FA492092C7BC00827990 /* Challenge18.sks in Resources */ = {isa = PBXBuildFile; fileRef = 3793FA482092C7BC00827990 /* Challenge18.sks */; };
		37A0DBF2204F12300046715C /* powerboost.wav in Resources */ = {isa = PBXBuildFile; fileRef = 37A0DBF1204F12300046715C /* powerboost.wav */; };
		37B02F7C2068C93C00F0F921 /* proximityexplosion.sks in Resources */ = {isa = PBXBuildFile; fileRef = 37B02F7B2068C93B00F0F921 /* proximityexplosion.sks */; };
		37B02F7E2069ADA600F0F921 /* proximity.wav in Resources */ = {isa = PBXBuildFile; fileRef = 37B02F7D2069ADA600F0F921 /* proximity.wav */; };
		37B02F80206AE6B700F0F921 /* Challenge7.sks in Resources */ = {isa = PBXBuildFile; fileRef = 37B02F7F206AE6B700F0F921 /* Challenge7.sks */; };
		37B02F84206C21B400F0F921 /* HUD.swift in Sources */ = {isa = PBXBuildFile; fileRef = 37B02F83206C21B400F0F921 /* HUD.swift */; };
		37B4FFBD204D9E6500FAEC3E /* AppDelegate.swift in Sources */ = {isa = PBXBuildFile; fileRef = 37B4FFBC204D9E6500FAEC3E /* AppDelegate.swift */; };
		37B4FFC3204D9E6500FAEC3E /* GameScene.swift in Sources */ = {isa = PBXBuildFile; fileRef = 37B4FFC2204D9E6500FAEC3E /* GameScene.swift */; };
		37B4FFC5204D9E6500FAEC3E /* GameViewController.swift in Sources */ = {isa = PBXBuildFile; fileRef = 37B4FFC4204D9E6500FAEC3E /* GameViewController.swift */; };
		37B4FFC8204D9E6500FAEC3E /* Main.storyboard in Resources */ = {isa = PBXBuildFile; fileRef = 37B4FFC6204D9E6500FAEC3E /* Main.storyboard */; };
		37B4FFCA204D9E6500FAEC3E /* Assets.xcassets in Resources */ = {isa = PBXBuildFile; fileRef = 37B4FFC9204D9E6500FAEC3E /* Assets.xcassets */; };
		37B4FFCD204D9E6500FAEC3E /* LaunchScreen.storyboard in Resources */ = {isa = PBXBuildFile; fileRef = 37B4FFCB204D9E6500FAEC3E /* LaunchScreen.storyboard */; };
		37C10D4B2058362300DAF46E /* explosion.wav in Resources */ = {isa = PBXBuildFile; fileRef = 37C10D4A2058362300DAF46E /* explosion.wav */; };
		37CB242A2056D989001742D8 /* BoostNode.swift in Sources */ = {isa = PBXBuildFile; fileRef = 37CB24292056D989001742D8 /* BoostNode.swift */; };
		37CB242C2056DA37001742D8 /* boostexplosion.sks in Resources */ = {isa = PBXBuildFile; fileRef = 37CB242B2056DA37001742D8 /* boostexplosion.sks */; };
		37D1DC7F20A0C0C800034FB4 /* transport.wav in Resources */ = {isa = PBXBuildFile; fileRef = 37D1DC7E20A0C0C700034FB4 /* transport.wav */; };
		37D1DC8120A0EB7B00034FB4 /* playertransporteffect.sks in Resources */ = {isa = PBXBuildFile; fileRef = 37D1DC8020A0EB7B00034FB4 /* playertransporteffect.sks */; };
		37D1DC8320A2194D00034FB4 /* Challenge21.sks in Resources */ = {isa = PBXBuildFile; fileRef = 37D1DC8220A2194D00034FB4 /* Challenge21.sks */; };
		37D1DC8520A3815E00034FB4 /* SlagRunCompleted.sks in Resources */ = {isa = PBXBuildFile; fileRef = 37D1DC8420A3815D00034FB4 /* SlagRunCompleted.sks */; };
		37D1DC8720A3817200034FB4 /* SlagRunCompletedScene.swift in Sources */ = {isa = PBXBuildFile; fileRef = 37D1DC8620A3817200034FB4 /* SlagRunCompletedScene.swift */; };
		37D1DC8A20A56DD700034FB4 /* LaunchPlatformBlue.sks in Resources */ = {isa = PBXBuildFile; fileRef = 37D1DC8820A56DD600034FB4 /* LaunchPlatformBlue.sks */; };
		37D1DC8B20A56DD700034FB4 /* FinishGateBlue.sks in Resources */ = {isa = PBXBuildFile; fileRef = 37D1DC8920A56DD700034FB4 /* FinishGateBlue.sks */; };
		37D1DC8F20A56E9D00034FB4 /* BoostGateRightBlue.sks in Resources */ = {isa = PBXBuildFile; fileRef = 37D1DC8C20A56E9C00034FB4 /* BoostGateRightBlue.sks */; };
		37D1DC9020A56E9D00034FB4 /* BoostGateCenterBlue.sks in Resources */ = {isa = PBXBuildFile; fileRef = 37D1DC8D20A56E9D00034FB4 /* BoostGateCenterBlue.sks */; };
		37D1DC9120A56E9D00034FB4 /* BoostGateLeftBlue.sks in Resources */ = {isa = PBXBuildFile; fileRef = 37D1DC8E20A56E9D00034FB4 /* BoostGateLeftBlue.sks */; };
		37D1DC9520A5F23700034FB4 /* RotatingGateRightBlue.sks in Resources */ = {isa = PBXBuildFile; fileRef = 37D1DC9220A5F23500034FB4 /* RotatingGateRightBlue.sks */; };
		37D1DC9620A5F23700034FB4 /* RotatingGateCenterBlue.sks in Resources */ = {isa = PBXBuildFile; fileRef = 37D1DC9320A5F23600034FB4 /* RotatingGateCenterBlue.sks */; };
		37D1DC9720A5F23700034FB4 /* RotatingGateLeftBlue.sks in Resources */ = {isa = PBXBuildFile; fileRef = 37D1DC9420A5F23600034FB4 /* RotatingGateLeftBlue.sks */; };
		37D1DC9F20A5F5E400034FB4 /* Challenge23.sks in Resources */ = {isa = PBXBuildFile; fileRef = 37D1DC9E20A5F5E400034FB4 /* Challenge23.sks */; };
		37D1DCA120A75C7100034FB4 /* Challenge24.sks in Resources */ = {isa = PBXBuildFile; fileRef = 37D1DCA020A75C7000034FB4 /* Challenge24.sks */; };
		37D2E9DC2062C1EE00C7523B /* Challenge1.sks in Resources */ = {isa = PBXBuildFile; fileRef = 37D2E9DB2062C1EE00C7523B /* Challenge1.sks */; };
		37D2E9E22062DA4100C7523B /* IntroductionViewController.swift in Sources */ = {isa = PBXBuildFile; fileRef = 37D2E9E12062DA4100C7523B /* IntroductionViewController.swift */; };
		37D2E9E420635B9200C7523B /* Challenge3.sks in Resources */ = {isa = PBXBuildFile; fileRef = 37D2E9E320635B9100C7523B /* Challenge3.sks */; };
		37D2E9E8206408E400C7523B /* slagmanvoice.m4a in Resources */ = {isa = PBXBuildFile; fileRef = 37D2E9E7206408E400C7523B /* slagmanvoice.m4a */; };
		37D2E9EA2064103B00C7523B /* SlagNode.swift in Sources */ = {isa = PBXBuildFile; fileRef = 37D2E9E92064103B00C7523B /* SlagNode.swift */; };
		37D3F7342057042A00820D83 /* playerdeadexplosion.sks in Resources */ = {isa = PBXBuildFile; fileRef = 37D3F7322057042A00820D83 /* playerdeadexplosion.sks */; };
		37E0277920BC79AB00DE173B /* StoreKit.framework in Frameworks */ = {isa = PBXBuildFile; fileRef = 37E0277820BC79AB00DE173B /* StoreKit.framework */; };
		37E0278020BCF08300DE173B /* IAPHelper.swift in Sources */ = {isa = PBXBuildFile; fileRef = 37E0277B20BCF08300DE173B /* IAPHelper.swift */; };
		37E0278120BCF08300DE173B /* SlagProductDetailsViewController.swift in Sources */ = {isa = PBXBuildFile; fileRef = 37E0277C20BCF08300DE173B /* SlagProductDetailsViewController.swift */; };
		37E0278220BCF08300DE173B /* SlagProductCell.swift in Sources */ = {isa = PBXBuildFile; fileRef = 37E0277D20BCF08300DE173B /* SlagProductCell.swift */; };
		37E0278320BCF08300DE173B /* SlagProducts.swift in Sources */ = {isa = PBXBuildFile; fileRef = 37E0277E20BCF08300DE173B /* SlagProducts.swift */; };
		37E0278420BCF08300DE173B /* SlagProductsViewController.swift in Sources */ = {isa = PBXBuildFile; fileRef = 37E0277F20BCF08300DE173B /* SlagProductsViewController.swift */; };
		37E7F58E205238F20076E828 /* boost.wav in Resources */ = {isa = PBXBuildFile; fileRef = 37E7F58D205238F20076E828 /* boost.wav */; };
		37E7F59C205330710076E828 /* GregoriusViewController.swift in Sources */ = {isa = PBXBuildFile; fileRef = 37E7F599205330700076E828 /* GregoriusViewController.swift */; };
		37E7F59D205330710076E828 /* Utilities.swift in Sources */ = {isa = PBXBuildFile; fileRef = 37E7F59A205330710076E828 /* Utilities.swift */; };
		37E7F5AB205330830076E828 /* CGFloat+Extensions.swift in Sources */ = {isa = PBXBuildFile; fileRef = 37E7F59F205330820076E828 /* CGFloat+Extensions.swift */; };
		37E7F5AC205330830076E828 /* CGPoint+Extensions.swift in Sources */ = {isa = PBXBuildFile; fileRef = 37E7F5A0205330820076E828 /* CGPoint+Extensions.swift */; };
		37E7F5AD205330830076E828 /* CGVector+Extensions.swift in Sources */ = {isa = PBXBuildFile; fileRef = 37E7F5A1205330820076E828 /* CGVector+Extensions.swift */; };
		37E7F5AE205330830076E828 /* Int+Extensions.swift in Sources */ = {isa = PBXBuildFile; fileRef = 37E7F5A2205330820076E828 /* Int+Extensions.swift */; };
		37E7F5AF205330830076E828 /* SKAction+Extensions.swift in Sources */ = {isa = PBXBuildFile; fileRef = 37E7F5A3205330820076E828 /* SKAction+Extensions.swift */; };
		37E7F5B0205330830076E828 /* SKAction+SpecialEffects.swift in Sources */ = {isa = PBXBuildFile; fileRef = 37E7F5A4205330820076E828 /* SKAction+SpecialEffects.swift */; };
		37E7F5B1205330830076E828 /* SKColor+Extensions.swift in Sources */ = {isa = PBXBuildFile; fileRef = 37E7F5A5205330820076E828 /* SKColor+Extensions.swift */; };
		37E7F5B2205330830076E828 /* SKNode+Extensions.swift in Sources */ = {isa = PBXBuildFile; fileRef = 37E7F5A6205330820076E828 /* SKNode+Extensions.swift */; };
		37E7F5B3205330830076E828 /* SKTAudio.swift in Sources */ = {isa = PBXBuildFile; fileRef = 37E7F5A7205330820076E828 /* SKTAudio.swift */; };
		37E7F5B4205330830076E828 /* SKTEffects.swift in Sources */ = {isa = PBXBuildFile; fileRef = 37E7F5A8205330820076E828 /* SKTEffects.swift */; };
		37E7F5B5205330830076E828 /* SKTTimingFunctions.swift in Sources */ = {isa = PBXBuildFile; fileRef = 37E7F5A9205330820076E828 /* SKTTimingFunctions.swift */; };
		37E7F5B6205330830076E828 /* Vector3.swift in Sources */ = {isa = PBXBuildFile; fileRef = 37E7F5AA205330820076E828 /* Vector3.swift */; };
		37E7F5C42054AA710076E828 /* spacegame.caf in Resources */ = {isa = PBXBuildFile; fileRef = 37E7F5C32054AA710076E828 /* spacegame.caf */; };
		37F8852D20A8EB9500B1100F /* Challenge26.sks in Resources */ = {isa = PBXBuildFile; fileRef = 37F8852C20A8EB9400B1100F /* Challenge26.sks */; };
		37F8853020A93C5E00B1100F /* GameKit.framework in Frameworks */ = {isa = PBXBuildFile; fileRef = 37F8852F20A93C5E00B1100F /* GameKit.framework */; };
		37F8853420AB6C2800B1100F /* Challenge27.sks in Resources */ = {isa = PBXBuildFile; fileRef = 37F8853320AB6C2800B1100F /* Challenge27.sks */; };
		37F8853620AB982B00B1100F /* UnityAds.framework in Frameworks */ = {isa = PBXBuildFile; fileRef = 37F8853520AB982B00B1100F /* UnityAds.framework */; };
		37F8853820ABDD6000B1100F /* Challenge28.sks in Resources */ = {isa = PBXBuildFile; fileRef = 37F8853720ABDD6000B1100F /* Challenge28.sks */; };
		37F8853B20AC81EB00B1100F /* Challenge30.sks in Resources */ = {isa = PBXBuildFile; fileRef = 37F8853920AC81EB00B1100F /* Challenge30.sks */; };
		37F8853C20AC81EB00B1100F /* Challenge29.sks in Resources */ = {isa = PBXBuildFile; fileRef = 37F8853A20AC81EB00B1100F /* Challenge29.sks */; };
		37FF895120CAD5EF003F6F00 /* SlagTravelCell.swift in Sources */ = {isa = PBXBuildFile; fileRef = 37FF895020CAD5EF003F6F00 /* SlagTravelCell.swift */; };
		37FF895320CF2936003F6F00 /* restrictedarea.wav in Resources */ = {isa = PBXBuildFile; fileRef = 37FF895220CF2935003F6F00 /* restrictedarea.wav */; };
		37FF895520CF2D46003F6F00 /* shapeshift.wav in Resources */ = {isa = PBXBuildFile; fileRef = 37FF895420CF2D46003F6F00 /* shapeshift.wav */; };
/* End PBXBuildFile section */

/* Begin PBXFileReference section */
		37068AEA209CADCA00003187 /* TransportGateLeft.sks */ = {isa = PBXFileReference; lastKnownFileType = file.sks; path = TransportGateLeft.sks; sourceTree = "<group>"; };
		370F67F420B873D200074D8B /* theslagparticle.m4a */ = {isa = PBXFileReference; lastKnownFileType = file; path = theslagparticle.m4a; sourceTree = "<group>"; };
		370F67F520B873D300074D8B /* slaggravity.m4a */ = {isa = PBXFileReference; lastKnownFileType = file; path = slaggravity.m4a; sourceTree = "<group>"; };
		370F67F620B873D300074D8B /* itsagooddaytoslag.m4a */ = {isa = PBXFileReference; lastKnownFileType = file; path = itsagooddaytoslag.m4a; sourceTree = "<group>"; };
		370F67F720B873D300074D8B /* areyoufeelingslaggy.m4a */ = {isa = PBXFileReference; lastKnownFileType = file; path = areyoufeelingslaggy.m4a; sourceTree = "<group>"; };
		370F67F820B873D300074D8B /* pulpslag.m4a */ = {isa = PBXFileReference; lastKnownFileType = file; path = pulpslag.m4a; sourceTree = "<group>"; };
		370F67F920B873D400074D8B /* forafewslagmore.m4a */ = {isa = PBXFileReference; lastKnownFileType = file; path = forafewslagmore.m4a; sourceTree = "<group>"; };
		370F67FA20B873D400074D8B /* theslagprinciple.m4a */ = {isa = PBXFileReference; lastKnownFileType = file; path = theslagprinciple.m4a; sourceTree = "<group>"; };
		370F67FB20B873D400074D8B /* thetheoryofslag.m4a */ = {isa = PBXFileReference; lastKnownFileType = file; path = thetheoryofslag.m4a; sourceTree = "<group>"; };
		370F67FC20B873D500074D8B /* thequantumslag.m4a */ = {isa = PBXFileReference; lastKnownFileType = file; path = thequantumslag.m4a; sourceTree = "<group>"; };
		370F67FD20B873D500074D8B /* thesymmetryofslag.m4a */ = {isa = PBXFileReference; lastKnownFileType = file; path = thesymmetryofslag.m4a; sourceTree = "<group>"; };
		370F67FE20B873D500074D8B /* transporttheslag.m4a */ = {isa = PBXFileReference; lastKnownFileType = file; path = transporttheslag.m4a; sourceTree = "<group>"; };
		370F67FF20B873D600074D8B /* slaghard.m4a */ = {isa = PBXFileReference; lastKnownFileType = file; path = slaghard.m4a; sourceTree = "<group>"; };
		370F680020B873D600074D8B /* slagequalsmcslagged.m4a */ = {isa = PBXFileReference; lastKnownFileType = file; path = slagequalsmcslagged.m4a; sourceTree = "<group>"; };
		370F680120B873D700074D8B /* thegoodthebadandtheslag.m4a */ = {isa = PBXFileReference; lastKnownFileType = file; path = thegoodthebadandtheslag.m4a; sourceTree = "<group>"; };
		370F680220B873D800074D8B /* slagwars.m4a */ = {isa = PBXFileReference; lastKnownFileType = file; path = slagwars.m4a; sourceTree = "<group>"; };
		370F680320B873D900074D8B /* guardiansoftheslag.m4a */ = {isa = PBXFileReference; lastKnownFileType = file; path = guardiansoftheslag.m4a; sourceTree = "<group>"; };
		370F680420B873DA00074D8B /* escapefromnewslag.m4a */ = {isa = PBXFileReference; lastKnownFileType = file; path = escapefromnewslag.m4a; sourceTree = "<group>"; };
		370F680520B873DB00074D8B /* theslagcontinuum.m4a */ = {isa = PBXFileReference; lastKnownFileType = file; path = theslagcontinuum.m4a; sourceTree = "<group>"; };
		370F680620B873DC00074D8B /* slagwarp.m4a */ = {isa = PBXFileReference; lastKnownFileType = file; path = slagwarp.m4a; sourceTree = "<group>"; };
		370F680720B873DD00074D8B /* slagharder.m4a */ = {isa = PBXFileReference; lastKnownFileType = file; path = slagharder.m4a; sourceTree = "<group>"; };
		370F680820B873DE00074D8B /* thebigslagowski.m4a */ = {isa = PBXFileReference; lastKnownFileType = file; path = thebigslagowski.m4a; sourceTree = "<group>"; };
		370F680920B873DF00074D8B /* theslagparadox.m4a */ = {isa = PBXFileReference; lastKnownFileType = file; path = theslagparadox.m4a; sourceTree = "<group>"; };
		37146501205A07ED00D574D4 /* Challenge2.sks */ = {isa = PBXFileReference; lastKnownFileType = file.sks; path = Challenge2.sks; sourceTree = "<group>"; };
		37146503205AFE9200D574D4 /* ChallengeCompleted.sks */ = {isa = PBXFileReference; lastKnownFileType = file.sks; path = ChallengeCompleted.sks; sourceTree = "<group>"; };
		37146505205B0BEA00D574D4 /* ChallengeCompletedScene.swift */ = {isa = PBXFileReference; lastKnownFileType = sourcecode.swift; path = ChallengeCompletedScene.swift; sourceTree = "<group>"; };
		3714650D205C84E100D574D4 /* lunarlove.wav */ = {isa = PBXFileReference; lastKnownFileType = audio.wav; path = lunarlove.wav; sourceTree = "<group>"; };
		37285E2020A769A80064E856 /* TransportGateCenterLeft.sks */ = {isa = PBXFileReference; lastKnownFileType = file.sks; path = TransportGateCenterLeft.sks; sourceTree = "<group>"; };
		37285E2220A79ED90064E856 /* TransportGateCenterRight.sks */ = {isa = PBXFileReference; lastKnownFileType = file.sks; path = TransportGateCenterRight.sks; sourceTree = "<group>"; };
		37285E2420A896B90064E856 /* Challenge25.sks */ = {isa = PBXFileReference; lastKnownFileType = file.sks; path = Challenge25.sks; sourceTree = "<group>"; };
		374294032064C62C00E52496 /* Challenge5.sks */ = {isa = PBXFileReference; lastKnownFileType = file.sks; path = Challenge5.sks; sourceTree = "<group>"; };
		3745069D206EAE3D00AEF948 /* Challenge8.sks */ = {isa = PBXFileReference; lastKnownFileType = file.sks; path = Challenge8.sks; sourceTree = "<group>"; };
		3745069F206EB36E00AEF948 /* Challenge9.sks */ = {isa = PBXFileReference; lastKnownFileType = file.sks; path = Challenge9.sks; sourceTree = "<group>"; };
		374506AC206F58F500AEF948 /* linktheslag.m4a */ = {isa = PBXFileReference; lastKnownFileType = file; path = linktheslag.m4a; sourceTree = "<group>"; };
		374506AE206F58F500AEF948 /* watchforslagmines.m4a */ = {isa = PBXFileReference; lastKnownFileType = file; path = watchforslagmines.m4a; sourceTree = "<group>"; };
		374F4BF1206DB642004ED85D /* Challenge6.sks */ = {isa = PBXFileReference; lastKnownFileType = file.sks; path = Challenge6.sks; sourceTree = "<group>"; };
		375A39082094D77F00136A63 /* BoostGateLeftRed.sks */ = {isa = PBXFileReference; lastKnownFileType = file.sks; path = BoostGateLeftRed.sks; sourceTree = "<group>"; };
		375A39092094D78000136A63 /* BoostGateRightRed.sks */ = {isa = PBXFileReference; lastKnownFileType = file.sks; path = BoostGateRightRed.sks; sourceTree = "<group>"; };
		375A390A2094D78000136A63 /* BoostGateCenterRed.sks */ = {isa = PBXFileReference; lastKnownFileType = file.sks; path = BoostGateCenterRed.sks; sourceTree = "<group>"; };
		375A390E2094D79600136A63 /* FinishGateRed.sks */ = {isa = PBXFileReference; lastKnownFileType = file.sks; path = FinishGateRed.sks; sourceTree = "<group>"; };
		375A390F2094D79600136A63 /* LaunchPlatformRed.sks */ = {isa = PBXFileReference; lastKnownFileType = file.sks; path = LaunchPlatformRed.sks; sourceTree = "<group>"; };
		375A39122094E54200136A63 /* Challenge20.sks */ = {isa = PBXFileReference; lastKnownFileType = file.sks; path = Challenge20.sks; sourceTree = "<group>"; };
		375A39132094E54200136A63 /* Challenge19.sks */ = {isa = PBXFileReference; lastKnownFileType = file.sks; path = Challenge19.sks; sourceTree = "<group>"; };
		375A39172095450A00136A63 /* Challenge22.sks */ = {isa = PBXFileReference; lastKnownFileType = file.sks; path = Challenge22.sks; sourceTree = "<group>"; };
		375A391B2097F93600136A63 /* TransportGateRight.sks */ = {isa = PBXFileReference; lastKnownFileType = file.sks; path = TransportGateRight.sks; sourceTree = "<group>"; };
		375EFBED206FEBB9008CCA70 /* slumsofrage.wav */ = {isa = PBXFileReference; lastKnownFileType = audio.wav; path = slumsofrage.wav; sourceTree = "<group>"; };
		375EFBEF2071C46B008CCA70 /* Challenge10.sks */ = {isa = PBXFileReference; lastKnownFileType = file.sks; path = Challenge10.sks; sourceTree = "<group>"; };
		375EFBF120729402008CCA70 /* SettingsViewController.swift */ = {isa = PBXFileReference; lastKnownFileType = sourcecode.swift; path = SettingsViewController.swift; sourceTree = "<group>"; };
		375EFBF32074314B008CCA70 /* timetoslagup.m4a */ = {isa = PBXFileReference; lastKnownFileType = file; path = timetoslagup.m4a; sourceTree = "<group>"; };
		375EFBF9207477EF008CCA70 /* SlagTravelsViewController.swift */ = {isa = PBXFileReference; lastKnownFileType = sourcecode.swift; path = SlagTravelsViewController.swift; sourceTree = "<group>"; };
		375EFBFB20754D41008CCA70 /* SlagChallengesViewController.swift */ = {isa = PBXFileReference; lastKnownFileType = sourcecode.swift; path = SlagChallengesViewController.swift; sourceTree = "<group>"; };
		375EFBFD207805E7008CCA70 /* SessionData.swift */ = {isa = PBXFileReference; lastKnownFileType = sourcecode.swift; path = SessionData.swift; sourceTree = "<group>"; };
		375EFC01207A83E5008CCA70 /* Challenge0.sks */ = {isa = PBXFileReference; lastKnownFileType = file.sks; path = Challenge0.sks; sourceTree = "<group>"; };
		375EFC09207B2383008CCA70 /* Challenge4.sks */ = {isa = PBXFileReference; lastKnownFileType = file.sks; path = Challenge4.sks; sourceTree = "<group>"; };
		375EFC0F207F0689008CCA70 /* powertotheslag.m4a */ = {isa = PBXFileReference; lastKnownFileType = file; path = powertotheslag.m4a; sourceTree = "<group>"; };
		375EFC10207F0689008CCA70 /* bustaslagmove.m4a */ = {isa = PBXFileReference; lastKnownFileType = file; path = bustaslagmove.m4a; sourceTree = "<group>"; };
		375EFC11207F068A008CCA70 /* learntoslag.m4a */ = {isa = PBXFileReference; lastKnownFileType = file; path = learntoslag.m4a; sourceTree = "<group>"; };
		375EFC12207F068A008CCA70 /* mrslaggysayshello.m4a */ = {isa = PBXFileReference; lastKnownFileType = file; path = mrslaggysayshello.m4a; sourceTree = "<group>"; };
		375EFC13207F068A008CCA70 /* letsslag.m4a */ = {isa = PBXFileReference; lastKnownFileType = file; path = letsslag.m4a; sourceTree = "<group>"; };
		375EFC14207F068A008CCA70 /* littlegrabbyslags.m4a */ = {isa = PBXFileReference; lastKnownFileType = file; path = littlegrabbyslags.m4a; sourceTree = "<group>"; };
		375EFC1B207FB90C008CCA70 /* smallboostparticles.sks */ = {isa = PBXFileReference; lastKnownFileType = file.sks; path = smallboostparticles.sks; sourceTree = "<group>"; };
		375EFC1D207FC5AF008CCA70 /* fizzleboost.wav */ = {isa = PBXFileReference; lastKnownFileType = audio.wav; path = fizzleboost.wav; sourceTree = "<group>"; };
		375EFC1F20802E53008CCA70 /* smallboost.wav */ = {isa = PBXFileReference; lastKnownFileType = audio.wav; path = smallboost.wav; sourceTree = "<group>"; };
		375EFC2120803020008CCA70 /* challengevoice.m4a */ = {isa = PBXFileReference; lastKnownFileType = file; path = challengevoice.m4a; sourceTree = "<group>"; };
		375EFC2320812499008CCA70 /* eightballcafe.wav */ = {isa = PBXFileReference; lastKnownFileType = audio.wav; path = eightballcafe.wav; sourceTree = "<group>"; };
		375EFC2620864A0D008CCA70 /* Challenge12.sks */ = {isa = PBXFileReference; lastKnownFileType = file.sks; path = Challenge12.sks; sourceTree = "<group>"; };
		375EFC2C2086C2C1008CCA70 /* RotatingGateCenter.sks */ = {isa = PBXFileReference; lastKnownFileType = file.sks; path = RotatingGateCenter.sks; sourceTree = "<group>"; };
		376F708E2054B07500A9785D /* boostparticles.sks */ = {isa = PBXFileReference; lastKnownFileType = file.sks; path = boostparticles.sks; sourceTree = "<group>"; };
		377F593620897030005F0B84 /* RotatingGateRight.sks */ = {isa = PBXFileReference; lastKnownFileType = file.sks; path = RotatingGateRight.sks; sourceTree = "<group>"; };
		377F593720897031005F0B84 /* RotatingGateLeft.sks */ = {isa = PBXFileReference; lastKnownFileType = file.sks; path = RotatingGateLeft.sks; sourceTree = "<group>"; };
		377F593A2089764B005F0B84 /* Challenge11.sks */ = {isa = PBXFileReference; lastKnownFileType = file.sks; path = Challenge11.sks; sourceTree = "<group>"; };
		378E8ECD2051A89F006FCF4D /* PlayerNode.swift */ = {isa = PBXFileReference; fileEncoding = 4; lastKnownFileType = sourcecode.swift; path = PlayerNode.swift; sourceTree = "<group>"; };
		3793FA30208EB72700827990 /* LaunchPlatformSilver.sks */ = {isa = PBXFileReference; lastKnownFileType = file.sks; path = LaunchPlatformSilver.sks; sourceTree = "<group>"; };
		3793FA32208EB7FC00827990 /* FinishGateSilver.sks */ = {isa = PBXFileReference; lastKnownFileType = file.sks; path = FinishGateSilver.sks; sourceTree = "<group>"; };
		3793FA38208FC65B00827990 /* BoostGateCenterSilver.sks */ = {isa = PBXFileReference; lastKnownFileType = file.sks; path = BoostGateCenterSilver.sks; sourceTree = "<group>"; };
		3793FA39208FC65C00827990 /* BoostGateRightSilver.sks */ = {isa = PBXFileReference; lastKnownFileType = file.sks; path = BoostGateRightSilver.sks; sourceTree = "<group>"; };
		3793FA3A208FC65C00827990 /* BoostGateLeftSilver.sks */ = {isa = PBXFileReference; lastKnownFileType = file.sks; path = BoostGateLeftSilver.sks; sourceTree = "<group>"; };
		3793FA3E208FC94E00827990 /* Challenge13.sks */ = {isa = PBXFileReference; lastKnownFileType = file.sks; path = Challenge13.sks; sourceTree = "<group>"; };
		3793FA402090CF8200827990 /* Challenge14.sks */ = {isa = PBXFileReference; lastKnownFileType = file.sks; path = Challenge14.sks; sourceTree = "<group>"; };
		3793FA4220922B1E00827990 /* Challenge15.sks */ = {isa = PBXFileReference; lastKnownFileType = file.sks; path = Challenge15.sks; sourceTree = "<group>"; };
		3793FA442092921A00827990 /* Challenge16.sks */ = {isa = PBXFileReference; lastKnownFileType = file.sks; path = Challenge16.sks; sourceTree = "<group>"; };
		3793FA462092C22700827990 /* Challenge17.sks */ = {isa = PBXFileReference; lastKnownFileType = file.sks; path = Challenge17.sks; sourceTree = "<group>"; };
		3793FA482092C7BC00827990 /* Challenge18.sks */ = {isa = PBXFileReference; lastKnownFileType = file.sks; path = Challenge18.sks; sourceTree = "<group>"; };
		37A0DBF1204F12300046715C /* powerboost.wav */ = {isa = PBXFileReference; lastKnownFileType = audio.wav; path = powerboost.wav; sourceTree = "<group>"; };
		37B02F7B2068C93B00F0F921 /* proximityexplosion.sks */ = {isa = PBXFileReference; lastKnownFileType = file.sks; path = proximityexplosion.sks; sourceTree = "<group>"; };
		37B02F7D2069ADA600F0F921 /* proximity.wav */ = {isa = PBXFileReference; lastKnownFileType = audio.wav; path = proximity.wav; sourceTree = "<group>"; };
		37B02F7F206AE6B700F0F921 /* Challenge7.sks */ = {isa = PBXFileReference; lastKnownFileType = file.sks; path = Challenge7.sks; sourceTree = "<group>"; };
		37B02F83206C21B400F0F921 /* HUD.swift */ = {isa = PBXFileReference; lastKnownFileType = sourcecode.swift; path = HUD.swift; sourceTree = "<group>"; };
		37B4FFB9204D9E6500FAEC3E /* Slagman.app */ = {isa = PBXFileReference; explicitFileType = wrapper.application; includeInIndex = 0; path = Slagman.app; sourceTree = BUILT_PRODUCTS_DIR; };
		37B4FFBC204D9E6500FAEC3E /* AppDelegate.swift */ = {isa = PBXFileReference; lastKnownFileType = sourcecode.swift; path = AppDelegate.swift; sourceTree = "<group>"; };
		37B4FFC2204D9E6500FAEC3E /* GameScene.swift */ = {isa = PBXFileReference; lastKnownFileType = sourcecode.swift; path = GameScene.swift; sourceTree = "<group>"; };
		37B4FFC4204D9E6500FAEC3E /* GameViewController.swift */ = {isa = PBXFileReference; lastKnownFileType = sourcecode.swift; path = GameViewController.swift; sourceTree = "<group>"; };
		37B4FFC7204D9E6500FAEC3E /* Base */ = {isa = PBXFileReference; lastKnownFileType = file.storyboard; name = Base; path = Base.lproj/Main.storyboard; sourceTree = "<group>"; };
		37B4FFC9204D9E6500FAEC3E /* Assets.xcassets */ = {isa = PBXFileReference; lastKnownFileType = folder.assetcatalog; path = Assets.xcassets; sourceTree = "<group>"; };
		37B4FFCC204D9E6500FAEC3E /* Base */ = {isa = PBXFileReference; lastKnownFileType = file.storyboard; name = Base; path = Base.lproj/LaunchScreen.storyboard; sourceTree = "<group>"; };
		37B4FFCE204D9E6500FAEC3E /* Info.plist */ = {isa = PBXFileReference; lastKnownFileType = text.plist.xml; path = Info.plist; sourceTree = "<group>"; };
		37C10D4A2058362300DAF46E /* explosion.wav */ = {isa = PBXFileReference; lastKnownFileType = audio.wav; path = explosion.wav; sourceTree = "<group>"; };
		37CB24292056D989001742D8 /* BoostNode.swift */ = {isa = PBXFileReference; fileEncoding = 4; lastKnownFileType = sourcecode.swift; path = BoostNode.swift; sourceTree = "<group>"; };
		37CB242B2056DA37001742D8 /* boostexplosion.sks */ = {isa = PBXFileReference; lastKnownFileType = file.sks; path = boostexplosion.sks; sourceTree = "<group>"; };
		37D1DC7E20A0C0C700034FB4 /* transport.wav */ = {isa = PBXFileReference; lastKnownFileType = audio.wav; path = transport.wav; sourceTree = "<group>"; };
		37D1DC8020A0EB7B00034FB4 /* playertransporteffect.sks */ = {isa = PBXFileReference; lastKnownFileType = file.sks; path = playertransporteffect.sks; sourceTree = "<group>"; };
		37D1DC8220A2194D00034FB4 /* Challenge21.sks */ = {isa = PBXFileReference; lastKnownFileType = file.sks; path = Challenge21.sks; sourceTree = "<group>"; };
		37D1DC8420A3815D00034FB4 /* SlagRunCompleted.sks */ = {isa = PBXFileReference; lastKnownFileType = file.sks; path = SlagRunCompleted.sks; sourceTree = "<group>"; };
		37D1DC8620A3817200034FB4 /* SlagRunCompletedScene.swift */ = {isa = PBXFileReference; fileEncoding = 4; lastKnownFileType = sourcecode.swift; path = SlagRunCompletedScene.swift; sourceTree = "<group>"; };
		37D1DC8820A56DD600034FB4 /* LaunchPlatformBlue.sks */ = {isa = PBXFileReference; lastKnownFileType = file.sks; path = LaunchPlatformBlue.sks; sourceTree = "<group>"; };
		37D1DC8920A56DD700034FB4 /* FinishGateBlue.sks */ = {isa = PBXFileReference; lastKnownFileType = file.sks; path = FinishGateBlue.sks; sourceTree = "<group>"; };
		37D1DC8C20A56E9C00034FB4 /* BoostGateRightBlue.sks */ = {isa = PBXFileReference; lastKnownFileType = file.sks; path = BoostGateRightBlue.sks; sourceTree = "<group>"; };
		37D1DC8D20A56E9D00034FB4 /* BoostGateCenterBlue.sks */ = {isa = PBXFileReference; lastKnownFileType = file.sks; path = BoostGateCenterBlue.sks; sourceTree = "<group>"; };
		37D1DC8E20A56E9D00034FB4 /* BoostGateLeftBlue.sks */ = {isa = PBXFileReference; lastKnownFileType = file.sks; path = BoostGateLeftBlue.sks; sourceTree = "<group>"; };
		37D1DC9220A5F23500034FB4 /* RotatingGateRightBlue.sks */ = {isa = PBXFileReference; lastKnownFileType = file.sks; path = RotatingGateRightBlue.sks; sourceTree = "<group>"; };
		37D1DC9320A5F23600034FB4 /* RotatingGateCenterBlue.sks */ = {isa = PBXFileReference; lastKnownFileType = file.sks; path = RotatingGateCenterBlue.sks; sourceTree = "<group>"; };
		37D1DC9420A5F23600034FB4 /* RotatingGateLeftBlue.sks */ = {isa = PBXFileReference; lastKnownFileType = file.sks; path = RotatingGateLeftBlue.sks; sourceTree = "<group>"; };
		37D1DC9E20A5F5E400034FB4 /* Challenge23.sks */ = {isa = PBXFileReference; lastKnownFileType = file.sks; path = Challenge23.sks; sourceTree = "<group>"; };
		37D1DCA020A75C7000034FB4 /* Challenge24.sks */ = {isa = PBXFileReference; lastKnownFileType = file.sks; path = Challenge24.sks; sourceTree = "<group>"; };
		37D2E9DB2062C1EE00C7523B /* Challenge1.sks */ = {isa = PBXFileReference; lastKnownFileType = file.sks; path = Challenge1.sks; sourceTree = "<group>"; };
		37D2E9E12062DA4100C7523B /* IntroductionViewController.swift */ = {isa = PBXFileReference; lastKnownFileType = sourcecode.swift; path = IntroductionViewController.swift; sourceTree = "<group>"; };
		37D2E9E320635B9100C7523B /* Challenge3.sks */ = {isa = PBXFileReference; lastKnownFileType = file.sks; path = Challenge3.sks; sourceTree = "<group>"; };
		37D2E9E7206408E400C7523B /* slagmanvoice.m4a */ = {isa = PBXFileReference; lastKnownFileType = file; path = slagmanvoice.m4a; sourceTree = "<group>"; };
		37D2E9E92064103B00C7523B /* SlagNode.swift */ = {isa = PBXFileReference; lastKnownFileType = sourcecode.swift; path = SlagNode.swift; sourceTree = "<group>"; };
		37D3F7322057042A00820D83 /* playerdeadexplosion.sks */ = {isa = PBXFileReference; lastKnownFileType = file.sks; path = playerdeadexplosion.sks; sourceTree = "<group>"; };
		37E0277820BC79AB00DE173B /* StoreKit.framework */ = {isa = PBXFileReference; lastKnownFileType = wrapper.framework; name = StoreKit.framework; path = System/Library/Frameworks/StoreKit.framework; sourceTree = SDKROOT; };
		37E0277B20BCF08300DE173B /* IAPHelper.swift */ = {isa = PBXFileReference; fileEncoding = 4; lastKnownFileType = sourcecode.swift; path = IAPHelper.swift; sourceTree = "<group>"; };
		37E0277C20BCF08300DE173B /* SlagProductDetailsViewController.swift */ = {isa = PBXFileReference; fileEncoding = 4; lastKnownFileType = sourcecode.swift; path = SlagProductDetailsViewController.swift; sourceTree = "<group>"; };
		37E0277D20BCF08300DE173B /* SlagProductCell.swift */ = {isa = PBXFileReference; fileEncoding = 4; lastKnownFileType = sourcecode.swift; path = SlagProductCell.swift; sourceTree = "<group>"; };
		37E0277E20BCF08300DE173B /* SlagProducts.swift */ = {isa = PBXFileReference; fileEncoding = 4; lastKnownFileType = sourcecode.swift; path = SlagProducts.swift; sourceTree = "<group>"; };
		37E0277F20BCF08300DE173B /* SlagProductsViewController.swift */ = {isa = PBXFileReference; fileEncoding = 4; lastKnownFileType = sourcecode.swift; path = SlagProductsViewController.swift; sourceTree = "<group>"; };
		37E7F58D205238F20076E828 /* boost.wav */ = {isa = PBXFileReference; lastKnownFileType = audio.wav; path = boost.wav; sourceTree = "<group>"; };
		37E7F599205330700076E828 /* GregoriusViewController.swift */ = {isa = PBXFileReference; fileEncoding = 4; lastKnownFileType = sourcecode.swift; path = GregoriusViewController.swift; sourceTree = "<group>"; };
		37E7F59A205330710076E828 /* Utilities.swift */ = {isa = PBXFileReference; fileEncoding = 4; lastKnownFileType = sourcecode.swift; path = Utilities.swift; sourceTree = "<group>"; };
		37E7F59F205330820076E828 /* CGFloat+Extensions.swift */ = {isa = PBXFileReference; fileEncoding = 4; lastKnownFileType = sourcecode.swift; path = "CGFloat+Extensions.swift"; sourceTree = "<group>"; };
		37E7F5A0205330820076E828 /* CGPoint+Extensions.swift */ = {isa = PBXFileReference; fileEncoding = 4; lastKnownFileType = sourcecode.swift; path = "CGPoint+Extensions.swift"; sourceTree = "<group>"; };
		37E7F5A1205330820076E828 /* CGVector+Extensions.swift */ = {isa = PBXFileReference; fileEncoding = 4; lastKnownFileType = sourcecode.swift; path = "CGVector+Extensions.swift"; sourceTree = "<group>"; };
		37E7F5A2205330820076E828 /* Int+Extensions.swift */ = {isa = PBXFileReference; fileEncoding = 4; lastKnownFileType = sourcecode.swift; path = "Int+Extensions.swift"; sourceTree = "<group>"; };
		37E7F5A3205330820076E828 /* SKAction+Extensions.swift */ = {isa = PBXFileReference; fileEncoding = 4; lastKnownFileType = sourcecode.swift; path = "SKAction+Extensions.swift"; sourceTree = "<group>"; };
		37E7F5A4205330820076E828 /* SKAction+SpecialEffects.swift */ = {isa = PBXFileReference; fileEncoding = 4; lastKnownFileType = sourcecode.swift; path = "SKAction+SpecialEffects.swift"; sourceTree = "<group>"; };
		37E7F5A5205330820076E828 /* SKColor+Extensions.swift */ = {isa = PBXFileReference; fileEncoding = 4; lastKnownFileType = sourcecode.swift; path = "SKColor+Extensions.swift"; sourceTree = "<group>"; };
		37E7F5A6205330820076E828 /* SKNode+Extensions.swift */ = {isa = PBXFileReference; fileEncoding = 4; lastKnownFileType = sourcecode.swift; path = "SKNode+Extensions.swift"; sourceTree = "<group>"; };
		37E7F5A7205330820076E828 /* SKTAudio.swift */ = {isa = PBXFileReference; fileEncoding = 4; lastKnownFileType = sourcecode.swift; path = SKTAudio.swift; sourceTree = "<group>"; };
		37E7F5A8205330820076E828 /* SKTEffects.swift */ = {isa = PBXFileReference; fileEncoding = 4; lastKnownFileType = sourcecode.swift; path = SKTEffects.swift; sourceTree = "<group>"; };
		37E7F5A9205330820076E828 /* SKTTimingFunctions.swift */ = {isa = PBXFileReference; fileEncoding = 4; lastKnownFileType = sourcecode.swift; path = SKTTimingFunctions.swift; sourceTree = "<group>"; };
		37E7F5AA205330820076E828 /* Vector3.swift */ = {isa = PBXFileReference; fileEncoding = 4; lastKnownFileType = sourcecode.swift; path = Vector3.swift; sourceTree = "<group>"; };
		37E7F5C32054AA710076E828 /* spacegame.caf */ = {isa = PBXFileReference; lastKnownFileType = file; path = spacegame.caf; sourceTree = "<group>"; };
		37F8852C20A8EB9400B1100F /* Challenge26.sks */ = {isa = PBXFileReference; lastKnownFileType = file.sks; path = Challenge26.sks; sourceTree = "<group>"; };
		37F8852F20A93C5E00B1100F /* GameKit.framework */ = {isa = PBXFileReference; lastKnownFileType = wrapper.framework; name = GameKit.framework; path = System/Library/Frameworks/GameKit.framework; sourceTree = SDKROOT; };
		37F8853320AB6C2800B1100F /* Challenge27.sks */ = {isa = PBXFileReference; lastKnownFileType = file.sks; path = Challenge27.sks; sourceTree = "<group>"; };
		37F8853520AB982B00B1100F /* UnityAds.framework */ = {isa = PBXFileReference; lastKnownFileType = wrapper.framework; path = UnityAds.framework; sourceTree = "<group>"; };
		37F8853720ABDD6000B1100F /* Challenge28.sks */ = {isa = PBXFileReference; lastKnownFileType = file.sks; path = Challenge28.sks; sourceTree = "<group>"; };
		37F8853920AC81EB00B1100F /* Challenge30.sks */ = {isa = PBXFileReference; lastKnownFileType = file.sks; path = Challenge30.sks; sourceTree = "<group>"; };
		37F8853A20AC81EB00B1100F /* Challenge29.sks */ = {isa = PBXFileReference; lastKnownFileType = file.sks; path = Challenge29.sks; sourceTree = "<group>"; };
		37FF895020CAD5EF003F6F00 /* SlagTravelCell.swift */ = {isa = PBXFileReference; lastKnownFileType = sourcecode.swift; path = SlagTravelCell.swift; sourceTree = "<group>"; };
		37FF895220CF2935003F6F00 /* restrictedarea.wav */ = {isa = PBXFileReference; lastKnownFileType = audio.wav; path = restrictedarea.wav; sourceTree = "<group>"; };
		37FF895420CF2D46003F6F00 /* shapeshift.wav */ = {isa = PBXFileReference; lastKnownFileType = audio.wav; path = shapeshift.wav; sourceTree = "<group>"; };
/* End PBXFileReference section */

/* Begin PBXFrameworksBuildPhase section */
		37B4FFB6204D9E6500FAEC3E /* Frameworks */ = {
			isa = PBXFrameworksBuildPhase;
			buildActionMask = 2147483647;
			files = (
				37E0277920BC79AB00DE173B /* StoreKit.framework in Frameworks */,
				37F8853020A93C5E00B1100F /* GameKit.framework in Frameworks */,
				37F8853620AB982B00B1100F /* UnityAds.framework in Frameworks */,
			);
			runOnlyForDeploymentPostprocessing = 0;
		};
/* End PBXFrameworksBuildPhase section */

/* Begin PBXGroup section */
		375A3916209544BC00136A63 /* Travels 2 */ = {
			isa = PBXGroup;
			children = (
				37D1DC8220A2194D00034FB4 /* Challenge21.sks */,
				375A39172095450A00136A63 /* Challenge22.sks */,
				37D1DC9E20A5F5E400034FB4 /* Challenge23.sks */,
				37D1DCA020A75C7000034FB4 /* Challenge24.sks */,
				37285E2420A896B90064E856 /* Challenge25.sks */,
				37F8852C20A8EB9400B1100F /* Challenge26.sks */,
				37F8853320AB6C2800B1100F /* Challenge27.sks */,
				37F8853720ABDD6000B1100F /* Challenge28.sks */,
				37F8853A20AC81EB00B1100F /* Challenge29.sks */,
				37F8853920AC81EB00B1100F /* Challenge30.sks */,
			);
			path = "Travels 2";
			sourceTree = "<group>";
		};
		375EFBEB206FEB2B008CCA70 /* Background Music */ = {
			isa = PBXGroup;
			children = (
				37FF895420CF2D46003F6F00 /* shapeshift.wav */,
				37FF895220CF2935003F6F00 /* restrictedarea.wav */,
				375EFC2320812499008CCA70 /* eightballcafe.wav */,
				375EFBED206FEBB9008CCA70 /* slumsofrage.wav */,
				3714650D205C84E100D574D4 /* lunarlove.wav */,
			);
			path = "Background Music";
			sourceTree = "<group>";
		};
		375EFBEC206FEB40008CCA70 /* Intro Voices */ = {
			isa = PBXGroup;
			children = (
				370F67F720B873D300074D8B /* areyoufeelingslaggy.m4a */,
				370F680420B873DA00074D8B /* escapefromnewslag.m4a */,
				370F67F920B873D400074D8B /* forafewslagmore.m4a */,
				370F680320B873D900074D8B /* guardiansoftheslag.m4a */,
				370F67F620B873D300074D8B /* itsagooddaytoslag.m4a */,
				370F67F820B873D300074D8B /* pulpslag.m4a */,
				370F680020B873D600074D8B /* slagequalsmcslagged.m4a */,
				370F67F520B873D300074D8B /* slaggravity.m4a */,
				370F67FF20B873D600074D8B /* slaghard.m4a */,
				370F680720B873DD00074D8B /* slagharder.m4a */,
				370F680620B873DC00074D8B /* slagwarp.m4a */,
				370F680220B873D800074D8B /* slagwars.m4a */,
				370F680820B873DE00074D8B /* thebigslagowski.m4a */,
				370F680120B873D700074D8B /* thegoodthebadandtheslag.m4a */,
				370F67FC20B873D500074D8B /* thequantumslag.m4a */,
				370F680520B873DB00074D8B /* theslagcontinuum.m4a */,
				370F680920B873DF00074D8B /* theslagparadox.m4a */,
				370F67F420B873D200074D8B /* theslagparticle.m4a */,
				370F67FA20B873D400074D8B /* theslagprinciple.m4a */,
				370F67FD20B873D500074D8B /* thesymmetryofslag.m4a */,
				370F67FB20B873D400074D8B /* thetheoryofslag.m4a */,
				370F67FE20B873D500074D8B /* transporttheslag.m4a */,
				375EFC2120803020008CCA70 /* challengevoice.m4a */,
				375EFC10207F0689008CCA70 /* bustaslagmove.m4a */,
				375EFC11207F068A008CCA70 /* learntoslag.m4a */,
				375EFC13207F068A008CCA70 /* letsslag.m4a */,
				375EFC14207F068A008CCA70 /* littlegrabbyslags.m4a */,
				375EFC12207F068A008CCA70 /* mrslaggysayshello.m4a */,
				375EFC0F207F0689008CCA70 /* powertotheslag.m4a */,
				375EFBF32074314B008CCA70 /* timetoslagup.m4a */,
				374506AC206F58F500AEF948 /* linktheslag.m4a */,
				374506AE206F58F500AEF948 /* watchforslagmines.m4a */,
				37D2E9E7206408E400C7523B /* slagmanvoice.m4a */,
			);
			path = "Intro Voices";
			sourceTree = "<group>";
		};
		375EFC06207A9277008CCA70 /* Scene Files */ = {
			isa = PBXGroup;
			children = (
				37146505205B0BEA00D574D4 /* ChallengeCompletedScene.swift */,
				37D1DC8620A3817200034FB4 /* SlagRunCompletedScene.swift */,
			);
			path = "Scene Files";
			sourceTree = "<group>";
		};
		375EFC252084F6FB008CCA70 /* Travels 0 */ = {
			isa = PBXGroup;
			children = (
				375EFC01207A83E5008CCA70 /* Challenge0.sks */,
				37D2E9DB2062C1EE00C7523B /* Challenge1.sks */,
				37146501205A07ED00D574D4 /* Challenge2.sks */,
				37D2E9E320635B9100C7523B /* Challenge3.sks */,
				375EFC09207B2383008CCA70 /* Challenge4.sks */,
				374294032064C62C00E52496 /* Challenge5.sks */,
				374F4BF1206DB642004ED85D /* Challenge6.sks */,
				37B02F7F206AE6B700F0F921 /* Challenge7.sks */,
				3745069D206EAE3D00AEF948 /* Challenge8.sks */,
				3745069F206EB36E00AEF948 /* Challenge9.sks */,
				375EFBEF2071C46B008CCA70 /* Challenge10.sks */,
			);
			path = "Travels 0";
			sourceTree = "<group>";
		};
		375EFC2820864A58008CCA70 /* Gates */ = {
			isa = PBXGroup;
			children = (
				37D1DC9C20A5F2B900034FB4 /* Finish */,
				37D1DC9A20A5F28200034FB4 /* Rotating */,
				37D1DC9920A5F26500034FB4 /* Boost */,
				37D1DC9820A5F24F00034FB4 /* Transport */,
			);
			path = Gates;
			sourceTree = "<group>";
		};
		375EFC2B20867E50008CCA70 /* Travels 1 */ = {
			isa = PBXGroup;
			children = (
				377F593A2089764B005F0B84 /* Challenge11.sks */,
				375EFC2620864A0D008CCA70 /* Challenge12.sks */,
				3793FA3E208FC94E00827990 /* Challenge13.sks */,
				3793FA402090CF8200827990 /* Challenge14.sks */,
				3793FA4220922B1E00827990 /* Challenge15.sks */,
				3793FA442092921A00827990 /* Challenge16.sks */,
				3793FA462092C22700827990 /* Challenge17.sks */,
				3793FA482092C7BC00827990 /* Challenge18.sks */,
				375A39132094E54200136A63 /* Challenge19.sks */,
				375A39122094E54200136A63 /* Challenge20.sks */,
			);
			path = "Travels 1";
			sourceTree = "<group>";
		};
		375EFC30208794CA008CCA70 /* Other Swift Files */ = {
			isa = PBXGroup;
			children = (
				37E7F59A205330710076E828 /* Utilities.swift */,
				37B02F83206C21B400F0F921 /* HUD.swift */,
				375EFBFD207805E7008CCA70 /* SessionData.swift */,
			);
			path = "Other Swift Files";
			sourceTree = "<group>";
		};
		376F708D2054B05100A9785D /* Particles */ = {
			isa = PBXGroup;
			children = (
				37D1DC8020A0EB7B00034FB4 /* playertransporteffect.sks */,
				37B02F7B2068C93B00F0F921 /* proximityexplosion.sks */,
				376F708E2054B07500A9785D /* boostparticles.sks */,
				375EFC1B207FB90C008CCA70 /* smallboostparticles.sks */,
				37CB242B2056DA37001742D8 /* boostexplosion.sks */,
				37D3F7322057042A00820D83 /* playerdeadexplosion.sks */,
			);
			path = Particles;
			sourceTree = "<group>";
		};
		378E8ECF2051A8A6006FCF4D /* Nodes */ = {
			isa = PBXGroup;
			children = (
				37CB24292056D989001742D8 /* BoostNode.swift */,
				37D2E9E92064103B00C7523B /* SlagNode.swift */,
				378E8ECD2051A89F006FCF4D /* PlayerNode.swift */,
			);
			path = Nodes;
			sourceTree = "<group>";
		};
		378E8ED02051A8CE006FCF4D /* SceneKit Files */ = {
			isa = PBXGroup;
			children = (
				37D1DC9D20A5F2D900034FB4 /* Completion Scenes */,
				37D1DC9B20A5F29D00034FB4 /* Launch Platforms */,
				375EFC2820864A58008CCA70 /* Gates */,
				37D2E9DA2062C1B800C7523B /* Travels */,
			);
			name = "SceneKit Files";
			path = Scenes;
			sourceTree = "<group>";
		};
		37A0DBF0204F12300046715C /* Sounds */ = {
			isa = PBXGroup;
			children = (
				375EFBEC206FEB40008CCA70 /* Intro Voices */,
				375EFBEB206FEB2B008CCA70 /* Background Music */,
				37B02F7D2069ADA600F0F921 /* proximity.wav */,
				37C10D4A2058362300DAF46E /* explosion.wav */,
				37D1DC7E20A0C0C700034FB4 /* transport.wav */,
				37E7F5C32054AA710076E828 /* spacegame.caf */,
				37E7F58D205238F20076E828 /* boost.wav */,
				375EFC1F20802E53008CCA70 /* smallboost.wav */,
				375EFC1D207FC5AF008CCA70 /* fizzleboost.wav */,
				37A0DBF1204F12300046715C /* powerboost.wav */,
			);
			path = Sounds;
			sourceTree = "<group>";
		};
		37B4FFB0204D9E6500FAEC3E = {
			isa = PBXGroup;
			children = (
				37B4FFBB204D9E6500FAEC3E /* Slagman */,
				37B4FFBA204D9E6500FAEC3E /* Products */,
				37F8852E20A93C5E00B1100F /* Frameworks */,
			);
			sourceTree = "<group>";
		};
		37B4FFBA204D9E6500FAEC3E /* Products */ = {
			isa = PBXGroup;
			children = (
				37B4FFB9204D9E6500FAEC3E /* Slagman.app */,
			);
			name = Products;
			sourceTree = "<group>";
		};
		37B4FFBB204D9E6500FAEC3E /* Slagman */ = {
			isa = PBXGroup;
			children = (
				37B4FFBC204D9E6500FAEC3E /* AppDelegate.swift */,
				37B4FFC4204D9E6500FAEC3E /* GameViewController.swift */,
				37B4FFC2204D9E6500FAEC3E /* GameScene.swift */,
				37B4FFC6204D9E6500FAEC3E /* Main.storyboard */,
				37B4FFC9204D9E6500FAEC3E /* Assets.xcassets */,
				37B4FFCB204D9E6500FAEC3E /* LaunchScreen.storyboard */,
				37B4FFCE204D9E6500FAEC3E /* Info.plist */,
				375EFC06207A9277008CCA70 /* Scene Files */,
				37E7F597205330700076E828 /* View Controllers */,
				375EFC30208794CA008CCA70 /* Other Swift Files */,
				378E8ED02051A8CE006FCF4D /* SceneKit Files */,
				378E8ECF2051A8A6006FCF4D /* Nodes */,
				376F708D2054B05100A9785D /* Particles */,
				37A0DBF0204F12300046715C /* Sounds */,
				37E7F59E205330820076E828 /* SKTUtils */,
				37E0277A20BCEFF500DE173B /* InAppPurchase */,
			);
			path = Slagman;
			sourceTree = "<group>";
		};
		37D1DC9820A5F24F00034FB4 /* Transport */ = {
			isa = PBXGroup;
			children = (
				37068AEA209CADCA00003187 /* TransportGateLeft.sks */,
				37285E2220A79ED90064E856 /* TransportGateCenterRight.sks */,
				37285E2020A769A80064E856 /* TransportGateCenterLeft.sks */,
				375A391B2097F93600136A63 /* TransportGateRight.sks */,
			);
			path = Transport;
			sourceTree = "<group>";
		};
		37D1DC9920A5F26500034FB4 /* Boost */ = {
			isa = PBXGroup;
			children = (
				375A39092094D78000136A63 /* BoostGateRightRed.sks */,
				37D1DC8C20A56E9C00034FB4 /* BoostGateRightBlue.sks */,
				3793FA39208FC65C00827990 /* BoostGateRightSilver.sks */,
				375A39082094D77F00136A63 /* BoostGateLeftRed.sks */,
				37D1DC8E20A56E9D00034FB4 /* BoostGateLeftBlue.sks */,
				3793FA3A208FC65C00827990 /* BoostGateLeftSilver.sks */,
				375A390A2094D78000136A63 /* BoostGateCenterRed.sks */,
				37D1DC8D20A56E9D00034FB4 /* BoostGateCenterBlue.sks */,
				3793FA38208FC65B00827990 /* BoostGateCenterSilver.sks */,
			);
			path = Boost;
			sourceTree = "<group>";
		};
		37D1DC9A20A5F28200034FB4 /* Rotating */ = {
			isa = PBXGroup;
			children = (
				377F593720897031005F0B84 /* RotatingGateLeft.sks */,
				37D1DC9420A5F23600034FB4 /* RotatingGateLeftBlue.sks */,
				377F593620897030005F0B84 /* RotatingGateRight.sks */,
				37D1DC9220A5F23500034FB4 /* RotatingGateRightBlue.sks */,
				375EFC2C2086C2C1008CCA70 /* RotatingGateCenter.sks */,
				37D1DC9320A5F23600034FB4 /* RotatingGateCenterBlue.sks */,
			);
			path = Rotating;
			sourceTree = "<group>";
		};
		37D1DC9B20A5F29D00034FB4 /* Launch Platforms */ = {
			isa = PBXGroup;
			children = (
				375A390F2094D79600136A63 /* LaunchPlatformRed.sks */,
				37D1DC8820A56DD600034FB4 /* LaunchPlatformBlue.sks */,
				3793FA30208EB72700827990 /* LaunchPlatformSilver.sks */,
			);
			path = "Launch Platforms";
			sourceTree = "<group>";
		};
		37D1DC9C20A5F2B900034FB4 /* Finish */ = {
			isa = PBXGroup;
			children = (
				375A390E2094D79600136A63 /* FinishGateRed.sks */,
				37D1DC8920A56DD700034FB4 /* FinishGateBlue.sks */,
				3793FA32208EB7FC00827990 /* FinishGateSilver.sks */,
			);
			path = Finish;
			sourceTree = "<group>";
		};
		37D1DC9D20A5F2D900034FB4 /* Completion Scenes */ = {
			isa = PBXGroup;
			children = (
				37146503205AFE9200D574D4 /* ChallengeCompleted.sks */,
				37D1DC8420A3815D00034FB4 /* SlagRunCompleted.sks */,
			);
			path = "Completion Scenes";
			sourceTree = "<group>";
		};
		37D2E9DA2062C1B800C7523B /* Travels */ = {
			isa = PBXGroup;
			children = (
				375EFC252084F6FB008CCA70 /* Travels 0 */,
				375EFC2B20867E50008CCA70 /* Travels 1 */,
				375A3916209544BC00136A63 /* Travels 2 */,
			);
			path = Travels;
			sourceTree = "<group>";
		};
		37E0277A20BCEFF500DE173B /* InAppPurchase */ = {
			isa = PBXGroup;
			children = (
				37E0277B20BCF08300DE173B /* IAPHelper.swift */,
				37E0277E20BCF08300DE173B /* SlagProducts.swift */,
				37E0277F20BCF08300DE173B /* SlagProductsViewController.swift */,
				37E0277C20BCF08300DE173B /* SlagProductDetailsViewController.swift */,
				37E0277D20BCF08300DE173B /* SlagProductCell.swift */,
			);
			path = InAppPurchase;
			sourceTree = "<group>";
		};
		37E7F597205330700076E828 /* View Controllers */ = {
			isa = PBXGroup;
			children = (
				37E7F599205330700076E828 /* GregoriusViewController.swift */,
				37D2E9E12062DA4100C7523B /* IntroductionViewController.swift */,
				375EFBF120729402008CCA70 /* SettingsViewController.swift */,
				375EFBF9207477EF008CCA70 /* SlagTravelsViewController.swift */,
				37FF895020CAD5EF003F6F00 /* SlagTravelCell.swift */,
				375EFBFB20754D41008CCA70 /* SlagChallengesViewController.swift */,
			);
			path = "View Controllers";
			sourceTree = "<group>";
		};
		37E7F59E205330820076E828 /* SKTUtils */ = {
			isa = PBXGroup;
			children = (
				37E7F59F205330820076E828 /* CGFloat+Extensions.swift */,
				37E7F5A0205330820076E828 /* CGPoint+Extensions.swift */,
				37E7F5A1205330820076E828 /* CGVector+Extensions.swift */,
				37E7F5A2205330820076E828 /* Int+Extensions.swift */,
				37E7F5A3205330820076E828 /* SKAction+Extensions.swift */,
				37E7F5A4205330820076E828 /* SKAction+SpecialEffects.swift */,
				37E7F5A5205330820076E828 /* SKColor+Extensions.swift */,
				37E7F5A6205330820076E828 /* SKNode+Extensions.swift */,
				37E7F5A7205330820076E828 /* SKTAudio.swift */,
				37E7F5A8205330820076E828 /* SKTEffects.swift */,
				37E7F5A9205330820076E828 /* SKTTimingFunctions.swift */,
				37E7F5AA205330820076E828 /* Vector3.swift */,
			);
			path = SKTUtils;
			sourceTree = "<group>";
		};
		37F8852E20A93C5E00B1100F /* Frameworks */ = {
			isa = PBXGroup;
			children = (
				37E0277820BC79AB00DE173B /* StoreKit.framework */,
				37F8853520AB982B00B1100F /* UnityAds.framework */,
				37F8852F20A93C5E00B1100F /* GameKit.framework */,
			);
			name = Frameworks;
			sourceTree = "<group>";
		};
/* End PBXGroup section */

/* Begin PBXNativeTarget section */
		37B4FFB8204D9E6500FAEC3E /* Slagman */ = {
			isa = PBXNativeTarget;
			buildConfigurationList = 37B4FFD1204D9E6500FAEC3E /* Build configuration list for PBXNativeTarget "Slagman" */;
			buildPhases = (
				37B4FFB5204D9E6500FAEC3E /* Sources */,
				37B4FFB6204D9E6500FAEC3E /* Frameworks */,
				37B4FFB7204D9E6500FAEC3E /* Resources */,
			);
			buildRules = (
			);
			dependencies = (
			);
			name = Slagman;
			productName = "Jetpack McFlax";
			productReference = 37B4FFB9204D9E6500FAEC3E /* Slagman.app */;
			productType = "com.apple.product-type.application";
		};
/* End PBXNativeTarget section */

/* Begin PBXProject section */
		37B4FFB1204D9E6500FAEC3E /* Project object */ = {
			isa = PBXProject;
			attributes = {
				LastSwiftUpdateCheck = 0920;
				LastUpgradeCheck = 0930;
				ORGANIZATIONNAME = "Gregorius T";
				TargetAttributes = {
					37B4FFB8204D9E6500FAEC3E = {
						CreatedOnToolsVersion = 9.2;
						ProvisioningStyle = Automatic;
						SystemCapabilities = {
							com.apple.GameCenter.iOS = {
								enabled = 1;
							};
							com.apple.InAppPurchase = {
								enabled = 1;
							};
						};
					};
				};
			};
			buildConfigurationList = 37B4FFB4204D9E6500FAEC3E /* Build configuration list for PBXProject "Slagman" */;
			compatibilityVersion = "Xcode 8.0";
			developmentRegion = en;
			hasScannedForEncodings = 0;
			knownRegions = (
				en,
				Base,
			);
			mainGroup = 37B4FFB0204D9E6500FAEC3E;
			productRefGroup = 37B4FFBA204D9E6500FAEC3E /* Products */;
			projectDirPath = "";
			projectRoot = "";
			targets = (
				37B4FFB8204D9E6500FAEC3E /* Slagman */,
			);
		};
/* End PBXProject section */

/* Begin PBXResourcesBuildPhase section */
		37B4FFB7204D9E6500FAEC3E /* Resources */ = {
			isa = PBXResourcesBuildPhase;
			buildActionMask = 2147483647;
			files = (
				37D2E9E8206408E400C7523B /* slagmanvoice.m4a in Resources */,
				37D1DC9020A56E9D00034FB4 /* BoostGateCenterBlue.sks in Resources */,
				37B02F7C2068C93C00F0F921 /* proximityexplosion.sks in Resources */,
				370F681A20B873E000074D8B /* escapefromnewslag.m4a in Resources */,
				370F681F20B873E000074D8B /* theslagparadox.m4a in Resources */,
				37D2E9E420635B9200C7523B /* Challenge3.sks in Resources */,
				37E7F58E205238F20076E828 /* boost.wav in Resources */,
				370F680D20B873E000074D8B /* areyoufeelingslaggy.m4a in Resources */,
				374506A0206EB36E00AEF948 /* Challenge9.sks in Resources */,
				374506B4206F58F500AEF948 /* watchforslagmines.m4a in Resources */,
				375EFC16207F068A008CCA70 /* bustaslagmove.m4a in Resources */,
				37D1DC8B20A56DD700034FB4 /* FinishGateBlue.sks in Resources */,
				370F680B20B873E000074D8B /* slaggravity.m4a in Resources */,
				370F681920B873E000074D8B /* guardiansoftheslag.m4a in Resources */,
				374506B2206F58F500AEF948 /* linktheslag.m4a in Resources */,
				370F681320B873E000074D8B /* thesymmetryofslag.m4a in Resources */,
				377F593B2089764C005F0B84 /* Challenge11.sks in Resources */,
				375EFC1C207FB90D008CCA70 /* smallboostparticles.sks in Resources */,
				374294042064C62D00E52496 /* Challenge5.sks in Resources */,
				3793FA3F208FC94E00827990 /* Challenge13.sks in Resources */,
				370F681B20B873E000074D8B /* theslagcontinuum.m4a in Resources */,
				37B4FFC8204D9E6500FAEC3E /* Main.storyboard in Resources */,
				370F681220B873E000074D8B /* thequantumslag.m4a in Resources */,
				37D1DC9620A5F23700034FB4 /* RotatingGateCenterBlue.sks in Resources */,
				37068AEB209CADCA00003187 /* TransportGateLeft.sks in Resources */,
				3745069E206EAE3D00AEF948 /* Challenge8.sks in Resources */,
				37D1DC8120A0EB7B00034FB4 /* playertransporteffect.sks in Resources */,
				375EFBEE206FEBB9008CCA70 /* slumsofrage.wav in Resources */,
				377F593920897031005F0B84 /* RotatingGateLeft.sks in Resources */,
				37D1DC8F20A56E9D00034FB4 /* BoostGateRightBlue.sks in Resources */,
				375EFBF02071C46C008CCA70 /* Challenge10.sks in Resources */,
				37D1DC7F20A0C0C800034FB4 /* transport.wav in Resources */,
				37D1DC9520A5F23700034FB4 /* RotatingGateRightBlue.sks in Resources */,
				375A39112094D79600136A63 /* LaunchPlatformRed.sks in Resources */,
				37F8853420AB6C2800B1100F /* Challenge27.sks in Resources */,
				370F681D20B873E000074D8B /* slagharder.m4a in Resources */,
				375EFC15207F068A008CCA70 /* powertotheslag.m4a in Resources */,
				375EFBF52074314B008CCA70 /* timetoslagup.m4a in Resources */,
				37A0DBF2204F12300046715C /* powerboost.wav in Resources */,
				37D1DC9720A5F23700034FB4 /* RotatingGateLeftBlue.sks in Resources */,
				375EFC2720864A0D008CCA70 /* Challenge12.sks in Resources */,
				37146502205A07ED00D574D4 /* Challenge2.sks in Resources */,
				37D1DC8320A2194D00034FB4 /* Challenge21.sks in Resources */,
				37285E2120A769A80064E856 /* TransportGateCenterLeft.sks in Resources */,
				37285E2320A79ED90064E856 /* TransportGateCenterRight.sks in Resources */,
				375EFC17207F068A008CCA70 /* learntoslag.m4a in Resources */,
				375A390B2094D78000136A63 /* BoostGateLeftRed.sks in Resources */,
				3793FA31208EB72800827990 /* LaunchPlatformSilver.sks in Resources */,
				37C10D4B2058362300DAF46E /* explosion.wav in Resources */,
				375EFC0A207B2384008CCA70 /* Challenge4.sks in Resources */,
				375A39182095450A00136A63 /* Challenge22.sks in Resources */,
				370F680C20B873E000074D8B /* itsagooddaytoslag.m4a in Resources */,
				37D2E9DC2062C1EE00C7523B /* Challenge1.sks in Resources */,
				3793FA412090CF8300827990 /* Challenge14.sks in Resources */,
				374F4BF2206DB642004ED85D /* Challenge6.sks in Resources */,
				370F681C20B873E000074D8B /* slagwarp.m4a in Resources */,
				37F8853C20AC81EB00B1100F /* Challenge29.sks in Resources */,
				3793FA3B208FC65C00827990 /* BoostGateCenterSilver.sks in Resources */,
				370F681020B873E000074D8B /* theslagprinciple.m4a in Resources */,
				370F681E20B873E000074D8B /* thebigslagowski.m4a in Resources */,
				37F8853B20AC81EB00B1100F /* Challenge30.sks in Resources */,
				375EFC2020802E54008CCA70 /* smallboost.wav in Resources */,
				3793FA3C208FC65C00827990 /* BoostGateRightSilver.sks in Resources */,
				37E7F5C42054AA710076E828 /* spacegame.caf in Resources */,
				37285E2520A896B90064E856 /* Challenge25.sks in Resources */,
				37F8852D20A8EB9500B1100F /* Challenge26.sks in Resources */,
				37D1DC8520A3815E00034FB4 /* SlagRunCompleted.sks in Resources */,
				370F680F20B873E000074D8B /* forafewslagmore.m4a in Resources */,
				370F681420B873E000074D8B /* transporttheslag.m4a in Resources */,
				37B02F80206AE6B700F0F921 /* Challenge7.sks in Resources */,
				370F680E20B873E000074D8B /* pulpslag.m4a in Resources */,
				370F681820B873E000074D8B /* slagwars.m4a in Resources */,
				375EFC1A207F068A008CCA70 /* littlegrabbyslags.m4a in Resources */,
				375A39142094E54200136A63 /* Challenge20.sks in Resources */,
				3714650E205C84E100D574D4 /* lunarlove.wav in Resources */,
				375A39152094E54200136A63 /* Challenge19.sks in Resources */,
				375EFC1E207FC5AF008CCA70 /* fizzleboost.wav in Resources */,
				37B4FFCA204D9E6500FAEC3E /* Assets.xcassets in Resources */,
				37B4FFCD204D9E6500FAEC3E /* LaunchScreen.storyboard in Resources */,
				370F681120B873E000074D8B /* thetheoryofslag.m4a in Resources */,
				375A390C2094D78000136A63 /* BoostGateRightRed.sks in Resources */,
				37CB242C2056DA37001742D8 /* boostexplosion.sks in Resources */,
				3793FA33208EB7FC00827990 /* FinishGateSilver.sks in Resources */,
				375A391C2097F93600136A63 /* TransportGateRight.sks in Resources */,
				3793FA492092C7BC00827990 /* Challenge18.sks in Resources */,
				37F8853820ABDD6000B1100F /* Challenge28.sks in Resources */,
				37D1DC9F20A5F5E400034FB4 /* Challenge23.sks in Resources */,
				370F680A20B873E000074D8B /* theslagparticle.m4a in Resources */,
				37B02F7E2069ADA600F0F921 /* proximity.wav in Resources */,
				3793FA3D208FC65C00827990 /* BoostGateLeftSilver.sks in Resources */,
				375EFC2D2086C2C2008CCA70 /* RotatingGateCenter.sks in Resources */,
				375A390D2094D78000136A63 /* BoostGateCenterRed.sks in Resources */,
				37D1DCA120A75C7100034FB4 /* Challenge24.sks in Resources */,
				37D1DC8A20A56DD700034FB4 /* LaunchPlatformBlue.sks in Resources */,
				37FF895520CF2D46003F6F00 /* shapeshift.wav in Resources */,
				376F708F2054B07600A9785D /* boostparticles.sks in Resources */,
				377F593820897031005F0B84 /* RotatingGateRight.sks in Resources */,
				37FF895320CF2936003F6F00 /* restrictedarea.wav in Resources */,
				370F681520B873E000074D8B /* slaghard.m4a in Resources */,
				375EFC18207F068A008CCA70 /* mrslaggysayshello.m4a in Resources */,
				375EFC19207F068A008CCA70 /* letsslag.m4a in Resources */,
				3793FA452092921A00827990 /* Challenge16.sks in Resources */,
				370F681620B873E000074D8B /* slagequalsmcslagged.m4a in Resources */,
				37D1DC9120A56E9D00034FB4 /* BoostGateLeftBlue.sks in Resources */,
				375EFC2420812499008CCA70 /* eightballcafe.wav in Resources */,
				3793FA472092C22700827990 /* Challenge17.sks in Resources */,
				375EFC2220803020008CCA70 /* challengevoice.m4a in Resources */,
				37D3F7342057042A00820D83 /* playerdeadexplosion.sks in Resources */,
				370F681720B873E000074D8B /* thegoodthebadandtheslag.m4a in Resources */,
				375EFC02207A83E5008CCA70 /* Challenge0.sks in Resources */,
				3793FA4320922B1F00827990 /* Challenge15.sks in Resources */,
				37146504205AFE9200D574D4 /* ChallengeCompleted.sks in Resources */,
				375A39102094D79600136A63 /* FinishGateRed.sks in Resources */,
			);
			runOnlyForDeploymentPostprocessing = 0;
		};
/* End PBXResourcesBuildPhase section */

/* Begin PBXSourcesBuildPhase section */
		37B4FFB5204D9E6500FAEC3E /* Sources */ = {
			isa = PBXSourcesBuildPhase;
			buildActionMask = 2147483647;
			files = (
				37E0278320BCF08300DE173B /* SlagProducts.swift in Sources */,
				37D2E9E22062DA4100C7523B /* IntroductionViewController.swift in Sources */,
				37E0278420BCF08300DE173B /* SlagProductsViewController.swift in Sources */,
				37E7F5AD205330830076E828 /* CGVector+Extensions.swift in Sources */,
				37D2E9EA2064103B00C7523B /* SlagNode.swift in Sources */,
				375EFBFE207805E7008CCA70 /* SessionData.swift in Sources */,
				37E7F59C205330710076E828 /* GregoriusViewController.swift in Sources */,
				37E7F5B2205330830076E828 /* SKNode+Extensions.swift in Sources */,
				37E7F5AF205330830076E828 /* SKAction+Extensions.swift in Sources */,
				37E7F59D205330710076E828 /* Utilities.swift in Sources */,
				37B4FFC3204D9E6500FAEC3E /* GameScene.swift in Sources */,
				37E7F5AC205330830076E828 /* CGPoint+Extensions.swift in Sources */,
				37FF895120CAD5EF003F6F00 /* SlagTravelCell.swift in Sources */,
				37E0278220BCF08300DE173B /* SlagProductCell.swift in Sources */,
				37E7F5B0205330830076E828 /* SKAction+SpecialEffects.swift in Sources */,
				37B4FFC5204D9E6500FAEC3E /* GameViewController.swift in Sources */,
				37E7F5B5205330830076E828 /* SKTTimingFunctions.swift in Sources */,
				37D1DC8720A3817200034FB4 /* SlagRunCompletedScene.swift in Sources */,
				37E7F5B1205330830076E828 /* SKColor+Extensions.swift in Sources */,
				37E7F5AE205330830076E828 /* Int+Extensions.swift in Sources */,
				378E8ECE2051A89F006FCF4D /* PlayerNode.swift in Sources */,
				37E7F5B3205330830076E828 /* SKTAudio.swift in Sources */,
				37E7F5AB205330830076E828 /* CGFloat+Extensions.swift in Sources */,
				37CB242A2056D989001742D8 /* BoostNode.swift in Sources */,
				375EFBFC20754D41008CCA70 /* SlagChallengesViewController.swift in Sources */,
				37E7F5B4205330830076E828 /* SKTEffects.swift in Sources */,
				37B02F84206C21B400F0F921 /* HUD.swift in Sources */,
				37E0278020BCF08300DE173B /* IAPHelper.swift in Sources */,
				375EFBFA207477EF008CCA70 /* SlagTravelsViewController.swift in Sources */,
				37E7F5B6205330830076E828 /* Vector3.swift in Sources */,
				375EFBF220729402008CCA70 /* SettingsViewController.swift in Sources */,
				37E0278120BCF08300DE173B /* SlagProductDetailsViewController.swift in Sources */,
				37146506205B0BEA00D574D4 /* ChallengeCompletedScene.swift in Sources */,
				37B4FFBD204D9E6500FAEC3E /* AppDelegate.swift in Sources */,
			);
			runOnlyForDeploymentPostprocessing = 0;
		};
/* End PBXSourcesBuildPhase section */

/* Begin PBXVariantGroup section */
		37B4FFC6204D9E6500FAEC3E /* Main.storyboard */ = {
			isa = PBXVariantGroup;
			children = (
				37B4FFC7204D9E6500FAEC3E /* Base */,
			);
			name = Main.storyboard;
			sourceTree = "<group>";
		};
		37B4FFCB204D9E6500FAEC3E /* LaunchScreen.storyboard */ = {
			isa = PBXVariantGroup;
			children = (
				37B4FFCC204D9E6500FAEC3E /* Base */,
			);
			name = LaunchScreen.storyboard;
			sourceTree = "<group>";
		};
/* End PBXVariantGroup section */

/* Begin XCBuildConfiguration section */
		37B4FFCF204D9E6500FAEC3E /* Debug */ = {
			isa = XCBuildConfiguration;
			buildSettings = {
				ALWAYS_SEARCH_USER_PATHS = NO;
				CLANG_ANALYZER_NONNULL = YES;
				CLANG_ANALYZER_NUMBER_OBJECT_CONVERSION = YES_AGGRESSIVE;
				CLANG_CXX_LANGUAGE_STANDARD = "gnu++14";
				CLANG_CXX_LIBRARY = "libc++";
				CLANG_ENABLE_MODULES = YES;
				CLANG_ENABLE_OBJC_ARC = YES;
				CLANG_WARN_BLOCK_CAPTURE_AUTORELEASING = YES;
				CLANG_WARN_BOOL_CONVERSION = YES;
				CLANG_WARN_COMMA = YES;
				CLANG_WARN_CONSTANT_CONVERSION = YES;
				CLANG_WARN_DEPRECATED_OBJC_IMPLEMENTATIONS = YES;
				CLANG_WARN_DIRECT_OBJC_ISA_USAGE = YES_ERROR;
				CLANG_WARN_DOCUMENTATION_COMMENTS = YES;
				CLANG_WARN_EMPTY_BODY = YES;
				CLANG_WARN_ENUM_CONVERSION = YES;
				CLANG_WARN_INFINITE_RECURSION = YES;
				CLANG_WARN_INT_CONVERSION = YES;
				CLANG_WARN_NON_LITERAL_NULL_CONVERSION = YES;
				CLANG_WARN_OBJC_IMPLICIT_RETAIN_SELF = YES;
				CLANG_WARN_OBJC_LITERAL_CONVERSION = YES;
				CLANG_WARN_OBJC_ROOT_CLASS = YES_ERROR;
				CLANG_WARN_RANGE_LOOP_ANALYSIS = YES;
				CLANG_WARN_STRICT_PROTOTYPES = YES;
				CLANG_WARN_SUSPICIOUS_MOVE = YES;
				CLANG_WARN_UNGUARDED_AVAILABILITY = YES_AGGRESSIVE;
				CLANG_WARN_UNREACHABLE_CODE = YES;
				CLANG_WARN__DUPLICATE_METHOD_MATCH = YES;
				CODE_SIGN_IDENTITY = "iPhone Developer";
				COPY_PHASE_STRIP = NO;
				DEBUG_INFORMATION_FORMAT = dwarf;
				ENABLE_STRICT_OBJC_MSGSEND = YES;
				ENABLE_TESTABILITY = YES;
				GCC_C_LANGUAGE_STANDARD = gnu11;
				GCC_DYNAMIC_NO_PIC = NO;
				GCC_NO_COMMON_BLOCKS = YES;
				GCC_OPTIMIZATION_LEVEL = 0;
				GCC_PREPROCESSOR_DEFINITIONS = (
					"DEBUG=1",
					"$(inherited)",
				);
				GCC_WARN_64_TO_32_BIT_CONVERSION = YES;
				GCC_WARN_ABOUT_RETURN_TYPE = YES_ERROR;
				GCC_WARN_UNDECLARED_SELECTOR = YES;
				GCC_WARN_UNINITIALIZED_AUTOS = YES_AGGRESSIVE;
				GCC_WARN_UNUSED_FUNCTION = YES;
				GCC_WARN_UNUSED_VARIABLE = YES;
				IPHONEOS_DEPLOYMENT_TARGET = 11.3;
				MTL_ENABLE_DEBUG_INFO = YES;
				ONLY_ACTIVE_ARCH = YES;
				SDKROOT = iphoneos;
				SWIFT_ACTIVE_COMPILATION_CONDITIONS = DEBUG;
				SWIFT_OPTIMIZATION_LEVEL = "-Onone";
			};
			name = Debug;
		};
		37B4FFD0204D9E6500FAEC3E /* Release */ = {
			isa = XCBuildConfiguration;
			buildSettings = {
				ALWAYS_SEARCH_USER_PATHS = NO;
				CLANG_ANALYZER_NONNULL = YES;
				CLANG_ANALYZER_NUMBER_OBJECT_CONVERSION = YES_AGGRESSIVE;
				CLANG_CXX_LANGUAGE_STANDARD = "gnu++14";
				CLANG_CXX_LIBRARY = "libc++";
				CLANG_ENABLE_MODULES = YES;
				CLANG_ENABLE_OBJC_ARC = YES;
				CLANG_WARN_BLOCK_CAPTURE_AUTORELEASING = YES;
				CLANG_WARN_BOOL_CONVERSION = YES;
				CLANG_WARN_COMMA = YES;
				CLANG_WARN_CONSTANT_CONVERSION = YES;
				CLANG_WARN_DEPRECATED_OBJC_IMPLEMENTATIONS = YES;
				CLANG_WARN_DIRECT_OBJC_ISA_USAGE = YES_ERROR;
				CLANG_WARN_DOCUMENTATION_COMMENTS = YES;
				CLANG_WARN_EMPTY_BODY = YES;
				CLANG_WARN_ENUM_CONVERSION = YES;
				CLANG_WARN_INFINITE_RECURSION = YES;
				CLANG_WARN_INT_CONVERSION = YES;
				CLANG_WARN_NON_LITERAL_NULL_CONVERSION = YES;
				CLANG_WARN_OBJC_IMPLICIT_RETAIN_SELF = YES;
				CLANG_WARN_OBJC_LITERAL_CONVERSION = YES;
				CLANG_WARN_OBJC_ROOT_CLASS = YES_ERROR;
				CLANG_WARN_RANGE_LOOP_ANALYSIS = YES;
				CLANG_WARN_STRICT_PROTOTYPES = YES;
				CLANG_WARN_SUSPICIOUS_MOVE = YES;
				CLANG_WARN_UNGUARDED_AVAILABILITY = YES_AGGRESSIVE;
				CLANG_WARN_UNREACHABLE_CODE = YES;
				CLANG_WARN__DUPLICATE_METHOD_MATCH = YES;
				CODE_SIGN_IDENTITY = "iPhone Developer";
				COPY_PHASE_STRIP = NO;
				DEBUG_INFORMATION_FORMAT = "dwarf-with-dsym";
				ENABLE_NS_ASSERTIONS = NO;
				ENABLE_STRICT_OBJC_MSGSEND = YES;
				GCC_C_LANGUAGE_STANDARD = gnu11;
				GCC_NO_COMMON_BLOCKS = YES;
				GCC_WARN_64_TO_32_BIT_CONVERSION = YES;
				GCC_WARN_ABOUT_RETURN_TYPE = YES_ERROR;
				GCC_WARN_UNDECLARED_SELECTOR = YES;
				GCC_WARN_UNINITIALIZED_AUTOS = YES_AGGRESSIVE;
				GCC_WARN_UNUSED_FUNCTION = YES;
				GCC_WARN_UNUSED_VARIABLE = YES;
				IPHONEOS_DEPLOYMENT_TARGET = 11.3;
				MTL_ENABLE_DEBUG_INFO = NO;
				SDKROOT = iphoneos;
				SWIFT_OPTIMIZATION_LEVEL = "-Owholemodule";
				VALIDATE_PRODUCT = YES;
			};
			name = Release;
		};
		37B4FFD2204D9E6500FAEC3E /* Debug */ = {
			isa = XCBuildConfiguration;
			buildSettings = {
				ASSETCATALOG_COMPILER_APPICON_NAME = AppIcon;
				CODE_SIGN_STYLE = Automatic;
				DEVELOPMENT_TEAM = BSRP34SCGL;
				FRAMEWORK_SEARCH_PATHS = (
					"$(inherited)",
					"$(PROJECT_DIR)",
				);
				INFOPLIST_FILE = Slagman/Info.plist;
				IPHONEOS_DEPLOYMENT_TARGET = 10.3;
				LD_RUNPATH_SEARCH_PATHS = "$(inherited) @executable_path/Frameworks";
				PRODUCT_BUNDLE_IDENTIFIER = com.gregoriust.slagman;
				PRODUCT_NAME = "$(TARGET_NAME)";
				SWIFT_VERSION = 4.0;
				TARGETED_DEVICE_FAMILY = "1,2";
			};
			name = Debug;
		};
		37B4FFD3204D9E6500FAEC3E /* Release */ = {
			isa = XCBuildConfiguration;
			buildSettings = {
				ASSETCATALOG_COMPILER_APPICON_NAME = AppIcon;
				CODE_SIGN_STYLE = Automatic;
				DEVELOPMENT_TEAM = BSRP34SCGL;
				FRAMEWORK_SEARCH_PATHS = (
					"$(inherited)",
					"$(PROJECT_DIR)",
				);
				INFOPLIST_FILE = Slagman/Info.plist;
				IPHONEOS_DEPLOYMENT_TARGET = 10.3;
				LD_RUNPATH_SEARCH_PATHS = "$(inherited) @executable_path/Frameworks";
				PRODUCT_BUNDLE_IDENTIFIER = com.gregoriust.slagman;
				PRODUCT_NAME = "$(TARGET_NAME)";
				SWIFT_VERSION = 4.0;
				TARGETED_DEVICE_FAMILY = "1,2";
			};
			name = Release;
		};
/* End XCBuildConfiguration section */

/* Begin XCConfigurationList section */
		37B4FFB4204D9E6500FAEC3E /* Build configuration list for PBXProject "Slagman" */ = {
			isa = XCConfigurationList;
			buildConfigurations = (
				37B4FFCF204D9E6500FAEC3E /* Debug */,
				37B4FFD0204D9E6500FAEC3E /* Release */,
			);
			defaultConfigurationIsVisible = 0;
			defaultConfigurationName = Release;
		};
		37B4FFD1204D9E6500FAEC3E /* Build configuration list for PBXNativeTarget "Slagman" */ = {
			isa = XCConfigurationList;
			buildConfigurations = (
				37B4FFD2204D9E6500FAEC3E /* Debug */,
				37B4FFD3204D9E6500FAEC3E /* Release */,
			);
			defaultConfigurationIsVisible = 0;
			defaultConfigurationName = Release;
		};
/* End XCConfigurationList section */
	};
	rootObject = 37B4FFB1204D9E6500FAEC3E /* Project object */;
}
